// !$*UTF8*$!
{
	archiveVersion = 1;
	classes = {
	};
	objectVersion = 77;
	objects = {

/* Begin PBXBuildFile section */
		57021F462EB6A9BB00B29E2F /* APIConfig.swift in Sources */ = {isa = PBXBuildFile; fileRef = 57021F452EB6A9B300B29E2F /* APIConfig.swift */; };
		571CB02E2EB65CC000955424 /* Info.plist in Resources */ = {isa = PBXBuildFile; fileRef = 571CB02D2EB65CC000955424 /* Info.plist */; };
		571CB0302EB65CC000955424 /* Info.plist in Resources */ = {isa = PBXBuildFile; fileRef = 571CB02D2EB65CC000955424 /* Info.plist */; };
		571CB0342EB6660B00955424 /* EmailAuthService.swift in Sources */ = {isa = PBXBuildFile; fileRef = 571CB0322EB6660B00955424 /* EmailAuthService.swift */; };
		571CB0352EB6660B00955424 /* EmailAuthService.swift in Sources */ = {isa = PBXBuildFile; fileRef = 571CB0322EB6660B00955424 /* EmailAuthService.swift */; };
		571CB0362EB6660B00955424 /* EmailAuthService.swift in Sources */ = {isa = PBXBuildFile; fileRef = 571CB0322EB6660B00955424 /* EmailAuthService.swift */; };
		571CB03A2EB6666400955424 /* GoogleAuthService.swift in Sources */ = {isa = PBXBuildFile; fileRef = 571CB0372EB6666400955424 /* GoogleAuthService.swift */; };
		571CB03B2EB6666400955424 /* GoogleAuthService.swift in Sources */ = {isa = PBXBuildFile; fileRef = 571CB0372EB6666400955424 /* GoogleAuthService.swift */; };
		571CB03C2EB6666400955424 /* GoogleAuthService.swift in Sources */ = {isa = PBXBuildFile; fileRef = 571CB0372EB6666400955424 /* GoogleAuthService.swift */; };
		571CB03E2EB666B600955424 /* EmailLoginView.swift in Sources */ = {isa = PBXBuildFile; fileRef = 571CB03D2EB666B600955424 /* EmailLoginView.swift */; };
		571CB03F2EB666B600955424 /* EmailLoginView.swift in Sources */ = {isa = PBXBuildFile; fileRef = 571CB03D2EB666B600955424 /* EmailLoginView.swift */; };
		571CB0402EB666B600955424 /* EmailLoginView.swift in Sources */ = {isa = PBXBuildFile; fileRef = 571CB03D2EB666B600955424 /* EmailLoginView.swift */; };
		571CB0432EB6673400955424 /* GoogleSignIn in Frameworks */ = {isa = PBXBuildFile; productRef = 571CB0422EB6673400955424 /* GoogleSignIn */; };
		571CB0452EB6673400955424 /* GoogleSignInSwift in Frameworks */ = {isa = PBXBuildFile; productRef = 571CB0442EB6673400955424 /* GoogleSignInSwift */; };
		571CB0472EB6923100955424 /* GoogleService-Info.plist in Resources */ = {isa = PBXBuildFile; fileRef = 571CB0462EB6923100955424 /* GoogleService-Info.plist */; };
		571CB0482EB6923100955424 /* GoogleService-Info.plist in Resources */ = {isa = PBXBuildFile; fileRef = 571CB0462EB6923100955424 /* GoogleService-Info.plist */; };
		571CB0492EB6923100955424 /* GoogleService-Info.plist in Resources */ = {isa = PBXBuildFile; fileRef = 571CB0462EB6923100955424 /* GoogleService-Info.plist */; };
		573676D12EAFE2CF00BEDBAD /* Colors.swift in Sources */ = {isa = PBXBuildFile; fileRef = 573675F82EAFE2CF00BEDBAD /* Colors.swift */; };
		573676D22EAFE2CF00BEDBAD /* AppMain.swift in Sources */ = {isa = PBXBuildFile; fileRef = 573675DB2EAFE2CF00BEDBAD /* AppMain.swift */; };
		573676D32EAFE2CF00BEDBAD /* Typography.swift in Sources */ = {isa = PBXBuildFile; fileRef = 573675F92EAFE2CF00BEDBAD /* Typography.swift */; };
		573676D42EAFE2CF00BEDBAD /* AppDelegate.swift in Sources */ = {isa = PBXBuildFile; fileRef = 573675DA2EAFE2CF00BEDBAD /* AppDelegate.swift */; };
		573676D52EAFE2CF00BEDBAD /* SceneDelegate.swift in Sources */ = {isa = PBXBuildFile; fileRef = 573675DC2EAFE2CF00BEDBAD /* SceneDelegate.swift */; };
		573676D62EAFE2CF00BEDBAD /* AppCoordinator.swift in Sources */ = {isa = PBXBuildFile; fileRef = 573675D92EAFE2CF00BEDBAD /* AppCoordinator.swift */; };
		573676D72EAFE2CF00BEDBAD /* RootView.swift in Sources */ = {isa = PBXBuildFile; fileRef = 573675D72EAFE2CF00BEDBAD /* RootView.swift */; };
		5747CAC32EB01418007DE762 /* LINEAuthService.swift in Sources */ = {isa = PBXBuildFile; fileRef = 5747CAC22EB01418007DE762 /* LINEAuthService.swift */; };
		5747CAC42EB01418007DE762 /* LINEAuthService.swift in Sources */ = {isa = PBXBuildFile; fileRef = 5747CAC22EB01418007DE762 /* LINEAuthService.swift */; };
		5747CAC52EB01418007DE762 /* LINEAuthService.swift in Sources */ = {isa = PBXBuildFile; fileRef = 5747CAC22EB01418007DE762 /* LINEAuthService.swift */; };
		5747CACA2EB01E6B007DE762 /* MainTabView.swift in Sources */ = {isa = PBXBuildFile; fileRef = 5747CAC92EB01E6B007DE762 /* MainTabView.swift */; };
		57867DF32EB2D1EB004335FF /* LineSDK in Frameworks */ = {isa = PBXBuildFile; productRef = 57867DF22EB2D1EB004335FF /* LineSDK */; };
		57867DF52EB2D1EB004335FF /* LineSDKObjC in Frameworks */ = {isa = PBXBuildFile; productRef = 57867DF42EB2D1EB004335FF /* LineSDKObjC */; };
		57892A082EAFA69A00CEF53D /* Assets.xcassets in Resources */ = {isa = PBXBuildFile; fileRef = 57892A032EAFA69A00CEF53D /* Assets.xcassets */; };
		57C37DBE2EB2D6A900DD896A /* README.md in Resources */ = {isa = PBXBuildFile; fileRef = 57C37DBD2EB2D6A900DD896A /* README.md */; };
		57C37DBF2EB2D6A900DD896A /* AuthProvider.swift in Sources */ = {isa = PBXBuildFile; fileRef = 57C37DAC2EB2D6A900DD896A /* AuthProvider.swift */; };
		57C37DC02EB2D6A900DD896A /* LinkAccountUseCase.swift in Sources */ = {isa = PBXBuildFile; fileRef = 57C37DB32EB2D6A900DD896A /* LinkAccountUseCase.swift */; };
		57C37DC12EB2D6A900DD896A /* SignInUseCase.swift in Sources */ = {isa = PBXBuildFile; fileRef = 57C37DB42EB2D6A900DD896A /* SignInUseCase.swift */; };
		57C37DC22EB2D6A900DD896A /* AuthRepositoryProtocol.swift in Sources */ = {isa = PBXBuildFile; fileRef = 57C37DB02EB2D6A900DD896A /* AuthRepositoryProtocol.swift */; };
		57C37DC32EB2D6A900DD896A /* AuthError.swift in Sources */ = {isa = PBXBuildFile; fileRef = 57C37DAB2EB2D6A900DD896A /* AuthError.swift */; };
		57C37DC42EB2D6A900DD896A /* AuthRepository.swift in Sources */ = {isa = PBXBuildFile; fileRef = 57C37DA62EB2D6A900DD896A /* AuthRepository.swift */; };
		57C37DC52EB2D6A900DD896A /* AuthResult.swift in Sources */ = {isa = PBXBuildFile; fileRef = 57C37DAD2EB2D6A900DD896A /* AuthResult.swift */; };
		57C37DC62EB2D6A900DD896A /* LoginView.swift in Sources */ = {isa = PBXBuildFile; fileRef = 57C37DBA2EB2D6A900DD896A /* LoginView.swift */; };
		57C37DC72EB2D6A900DD896A /* RemoteAuthDataSource.swift in Sources */ = {isa = PBXBuildFile; fileRef = 57C37DA32EB2D6A900DD896A /* RemoteAuthDataSource.swift */; };
		57C37DC82EB2D6A900DD896A /* UserRepositoryProtocol.swift in Sources */ = {isa = PBXBuildFile; fileRef = 57C37DB12EB2D6A900DD896A /* UserRepositoryProtocol.swift */; };
		57C37DC92EB2D6A900DD896A /* LocalAuthDataSource.swift in Sources */ = {isa = PBXBuildFile; fileRef = 57C37DA22EB2D6A900DD896A /* LocalAuthDataSource.swift */; };
		57C37DCA2EB2D6A900DD896A /* AuthViewModel.swift in Sources */ = {isa = PBXBuildFile; fileRef = 57C37DB72EB2D6A900DD896A /* AuthViewModel.swift */; };
		57C37DCB2EB2D6A900DD896A /* User.swift in Sources */ = {isa = PBXBuildFile; fileRef = 57C37DAE2EB2D6A900DD896A /* User.swift */; };
		57C37DCC2EB2D6A900DD896A /* UserRepository.swift in Sources */ = {isa = PBXBuildFile; fileRef = 57C37DA72EB2D6A900DD896A /* UserRepository.swift */; };
		57C37DCD2EB2D6A900DD896A /* AuthCredentials.swift in Sources */ = {isa = PBXBuildFile; fileRef = 57C37DAA2EB2D6A900DD896A /* AuthCredentials.swift */; };
		57C37DD42EB2D96200DD896A /* AppleSignInService.swift in Sources */ = {isa = PBXBuildFile; fileRef = 57C37DD12EB2D96200DD896A /* AppleSignInService.swift */; };
		57C37DD52EB2D96200DD896A /* AppleSignInService.swift in Sources */ = {isa = PBXBuildFile; fileRef = 57C37DD12EB2D96200DD896A /* AppleSignInService.swift */; };
		57C37DD62EB2D96200DD896A /* AppleSignInService.swift in Sources */ = {isa = PBXBuildFile; fileRef = 57C37DD12EB2D96200DD896A /* AppleSignInService.swift */; };
		57C37DDC2EB2DA4400DD896A /* AuthDTOs.swift in Sources */ = {isa = PBXBuildFile; fileRef = 57C37DDB2EB2DA4400DD896A /* AuthDTOs.swift */; };
		57C37DE72EB2DAF900DD896A /* NetworkService.swift in Sources */ = {isa = PBXBuildFile; fileRef = 57C37DE42EB2DAF900DD896A /* NetworkService.swift */; };
		57C37DE82EB2DAF900DD896A /* KeychainService.swift in Sources */ = {isa = PBXBuildFile; fileRef = 57C37DDE2EB2DAF900DD896A /* KeychainService.swift */; };
		57C37DEA2EB2DB1600DD896A /* AuthenticationContainer.swift in Sources */ = {isa = PBXBuildFile; fileRef = 57C37DE92EB2DB1600DD896A /* AuthenticationContainer.swift */; };
		57D44A042EB6420900A3C438 /* FirebaseAI in Frameworks */ = {isa = PBXBuildFile; productRef = 57D44A032EB6420900A3C438 /* FirebaseAI */; };
		57D44A062EB6420900A3C438 /* FirebaseAILogic in Frameworks */ = {isa = PBXBuildFile; productRef = 57D44A052EB6420900A3C438 /* FirebaseAILogic */; };
		57D44A082EB6420900A3C438 /* FirebaseAnalytics in Frameworks */ = {isa = PBXBuildFile; productRef = 57D44A072EB6420900A3C438 /* FirebaseAnalytics */; };
		57D44A0A2EB6420900A3C438 /* FirebaseAnalyticsCore in Frameworks */ = {isa = PBXBuildFile; productRef = 57D44A092EB6420900A3C438 /* FirebaseAnalyticsCore */; };
		57D44A0C2EB6420900A3C438 /* FirebaseAnalyticsIdentitySupport in Frameworks */ = {isa = PBXBuildFile; productRef = 57D44A0B2EB6420900A3C438 /* FirebaseAnalyticsIdentitySupport */; };
		57F1D2A92EB2EC52002C5900 /* LineSDK in Frameworks */ = {isa = PBXBuildFile; productRef = 57F1D2A82EB2EC52002C5900 /* LineSDK */; };
		57F1D2AB2EB2EC52002C5900 /* LineSDKObjC in Frameworks */ = {isa = PBXBuildFile; productRef = 57F1D2AA2EB2EC52002C5900 /* LineSDKObjC */; };
/* End PBXBuildFile section */

/* Begin PBXContainerItemProxy section */
		570028D62EA5240E0070D1A3 /* PBXContainerItemProxy */ = {
			isa = PBXContainerItemProxy;
			containerPortal = 570028BC2EA5240E0070D1A3 /* Project object */;
			proxyType = 1;
			remoteGlobalIDString = 570028C32EA5240E0070D1A3;
			remoteInfo = u_me_v0.1;
		};
		570028E02EA5240E0070D1A3 /* PBXContainerItemProxy */ = {
			isa = PBXContainerItemProxy;
			containerPortal = 570028BC2EA5240E0070D1A3 /* Project object */;
			proxyType = 1;
			remoteGlobalIDString = 570028C32EA5240E0070D1A3;
			remoteInfo = u_me_v0.1;
		};
/* End PBXContainerItemProxy section */

/* Begin PBXFileReference section */
		570028C42EA5240E0070D1A3 /* u_me_v0.1.app */ = {isa = PBXFileReference; explicitFileType = wrapper.application; includeInIndex = 0; path = u_me_v0.1.app; sourceTree = BUILT_PRODUCTS_DIR; };
		570028D52EA5240E0070D1A3 /* u_me_v0.1Tests.xctest */ = {isa = PBXFileReference; explicitFileType = wrapper.cfbundle; includeInIndex = 0; path = u_me_v0.1Tests.xctest; sourceTree = BUILT_PRODUCTS_DIR; };
		570028DF2EA5240E0070D1A3 /* u_me_v0.1UITests.xctest */ = {isa = PBXFileReference; explicitFileType = wrapper.cfbundle; includeInIndex = 0; path = u_me_v0.1UITests.xctest; sourceTree = BUILT_PRODUCTS_DIR; };
		57021F452EB6A9B300B29E2F /* APIConfig.swift */ = {isa = PBXFileReference; lastKnownFileType = sourcecode.swift; path = APIConfig.swift; sourceTree = "<group>"; };
		571CB02D2EB65CC000955424 /* Info.plist */ = {isa = PBXFileReference; lastKnownFileType = text.plist.xml; path = Info.plist; sourceTree = "<group>"; };
		571CB0322EB6660B00955424 /* EmailAuthService.swift */ = {isa = PBXFileReference; lastKnownFileType = sourcecode.swift; path = EmailAuthService.swift; sourceTree = "<group>"; };
		571CB0372EB6666400955424 /* GoogleAuthService.swift */ = {isa = PBXFileReference; lastKnownFileType = sourcecode.swift; path = GoogleAuthService.swift; sourceTree = "<group>"; };
		571CB03D2EB666B600955424 /* EmailLoginView.swift */ = {isa = PBXFileReference; lastKnownFileType = sourcecode.swift; path = EmailLoginView.swift; sourceTree = "<group>"; };
		571CB0462EB6923100955424 /* GoogleService-Info.plist */ = {isa = PBXFileReference; lastKnownFileType = text.plist.xml; path = "GoogleService-Info.plist"; sourceTree = "<group>"; };
		573675D72EAFE2CF00BEDBAD /* RootView.swift */ = {isa = PBXFileReference; lastKnownFileType = sourcecode.swift; path = RootView.swift; sourceTree = "<group>"; };
		573675D92EAFE2CF00BEDBAD /* AppCoordinator.swift */ = {isa = PBXFileReference; lastKnownFileType = sourcecode.swift; path = AppCoordinator.swift; sourceTree = "<group>"; };
		573675DA2EAFE2CF00BEDBAD /* AppDelegate.swift */ = {isa = PBXFileReference; lastKnownFileType = sourcecode.swift; path = AppDelegate.swift; sourceTree = "<group>"; };
		573675DB2EAFE2CF00BEDBAD /* AppMain.swift */ = {isa = PBXFileReference; lastKnownFileType = sourcecode.swift; path = AppMain.swift; sourceTree = "<group>"; };
		573675DC2EAFE2CF00BEDBAD /* SceneDelegate.swift */ = {isa = PBXFileReference; lastKnownFileType = sourcecode.swift; path = SceneDelegate.swift; sourceTree = "<group>"; };
		573675EC2EAFE2CF00BEDBAD /* README.md */ = {isa = PBXFileReference; lastKnownFileType = net.daringfireball.markdown; path = README.md; sourceTree = "<group>"; };
		573675F82EAFE2CF00BEDBAD /* Colors.swift */ = {isa = PBXFileReference; lastKnownFileType = sourcecode.swift; path = Colors.swift; sourceTree = "<group>"; };
		573675F92EAFE2CF00BEDBAD /* Typography.swift */ = {isa = PBXFileReference; lastKnownFileType = sourcecode.swift; path = Typography.swift; sourceTree = "<group>"; };
		5747CAC22EB01418007DE762 /* LINEAuthService.swift */ = {isa = PBXFileReference; lastKnownFileType = sourcecode.swift; path = LINEAuthService.swift; sourceTree = "<group>"; };
		5747CAC92EB01E6B007DE762 /* MainTabView.swift */ = {isa = PBXFileReference; lastKnownFileType = sourcecode.swift; path = MainTabView.swift; sourceTree = "<group>"; };
		57892A032EAFA69A00CEF53D /* Assets.xcassets */ = {isa = PBXFileReference; lastKnownFileType = folder.assetcatalog; path = Assets.xcassets; sourceTree = "<group>"; };
		57892A052EAFA69A00CEF53D /* u_me_v0_1.entitlements */ = {isa = PBXFileReference; lastKnownFileType = text.plist.entitlements; path = u_me_v0_1.entitlements; sourceTree = "<group>"; };
		57892A112EAFA6FB00CEF53D /* Config.xcconfig */ = {isa = PBXFileReference; lastKnownFileType = text.xcconfig; path = Config.xcconfig; sourceTree = "<group>"; };
		57892A1C2EAFA6FB00CEF53D /* Package.swift */ = {isa = PBXFileReference; lastKnownFileType = sourcecode.swift; path = Package.swift; sourceTree = "<group>"; };
		57892A6F2EAFA6FB00CEF53D /* build.sh */ = {isa = PBXFileReference; lastKnownFileType = text.script.sh; path = build.sh; sourceTree = "<group>"; };
		57C37DA22EB2D6A900DD896A /* LocalAuthDataSource.swift */ = {isa = PBXFileReference; lastKnownFileType = sourcecode.swift; path = LocalAuthDataSource.swift; sourceTree = "<group>"; };
		57C37DA32EB2D6A900DD896A /* RemoteAuthDataSource.swift */ = {isa = PBXFileReference; lastKnownFileType = sourcecode.swift; path = RemoteAuthDataSource.swift; sourceTree = "<group>"; };
		57C37DA62EB2D6A900DD896A /* AuthRepository.swift */ = {isa = PBXFileReference; lastKnownFileType = sourcecode.swift; path = AuthRepository.swift; sourceTree = "<group>"; };
		57C37DA72EB2D6A900DD896A /* UserRepository.swift */ = {isa = PBXFileReference; lastKnownFileType = sourcecode.swift; path = UserRepository.swift; sourceTree = "<group>"; };
		57C37DAA2EB2D6A900DD896A /* AuthCredentials.swift */ = {isa = PBXFileReference; lastKnownFileType = sourcecode.swift; path = AuthCredentials.swift; sourceTree = "<group>"; };
		57C37DAB2EB2D6A900DD896A /* AuthError.swift */ = {isa = PBXFileReference; lastKnownFileType = sourcecode.swift; path = AuthError.swift; sourceTree = "<group>"; };
		57C37DAC2EB2D6A900DD896A /* AuthProvider.swift */ = {isa = PBXFileReference; lastKnownFileType = sourcecode.swift; path = AuthProvider.swift; sourceTree = "<group>"; };
		57C37DAD2EB2D6A900DD896A /* AuthResult.swift */ = {isa = PBXFileReference; lastKnownFileType = sourcecode.swift; path = AuthResult.swift; sourceTree = "<group>"; };
		57C37DAE2EB2D6A900DD896A /* User.swift */ = {isa = PBXFileReference; lastKnownFileType = sourcecode.swift; path = User.swift; sourceTree = "<group>"; };
		57C37DB02EB2D6A900DD896A /* AuthRepositoryProtocol.swift */ = {isa = PBXFileReference; lastKnownFileType = sourcecode.swift; path = AuthRepositoryProtocol.swift; sourceTree = "<group>"; };
		57C37DB12EB2D6A900DD896A /* UserRepositoryProtocol.swift */ = {isa = PBXFileReference; lastKnownFileType = sourcecode.swift; path = UserRepositoryProtocol.swift; sourceTree = "<group>"; };
		57C37DB32EB2D6A900DD896A /* LinkAccountUseCase.swift */ = {isa = PBXFileReference; lastKnownFileType = sourcecode.swift; path = LinkAccountUseCase.swift; sourceTree = "<group>"; };
		57C37DB42EB2D6A900DD896A /* SignInUseCase.swift */ = {isa = PBXFileReference; lastKnownFileType = sourcecode.swift; path = SignInUseCase.swift; sourceTree = "<group>"; };
		57C37DB72EB2D6A900DD896A /* AuthViewModel.swift */ = {isa = PBXFileReference; lastKnownFileType = sourcecode.swift; path = AuthViewModel.swift; sourceTree = "<group>"; };
		57C37DBA2EB2D6A900DD896A /* LoginView.swift */ = {isa = PBXFileReference; lastKnownFileType = sourcecode.swift; path = LoginView.swift; sourceTree = "<group>"; };
		57C37DBD2EB2D6A900DD896A /* README.md */ = {isa = PBXFileReference; lastKnownFileType = net.daringfireball.markdown; path = README.md; sourceTree = "<group>"; };
		57C37DD12EB2D96200DD896A /* AppleSignInService.swift */ = {isa = PBXFileReference; lastKnownFileType = sourcecode.swift; path = AppleSignInService.swift; sourceTree = "<group>"; };
		57C37DDB2EB2DA4400DD896A /* AuthDTOs.swift */ = {isa = PBXFileReference; lastKnownFileType = sourcecode.swift; path = AuthDTOs.swift; sourceTree = "<group>"; };
		57C37DDE2EB2DAF900DD896A /* KeychainService.swift */ = {isa = PBXFileReference; lastKnownFileType = sourcecode.swift; path = KeychainService.swift; sourceTree = "<group>"; };
		57C37DE42EB2DAF900DD896A /* NetworkService.swift */ = {isa = PBXFileReference; lastKnownFileType = sourcecode.swift; path = NetworkService.swift; sourceTree = "<group>"; };
		57C37DE92EB2DB1600DD896A /* AuthenticationContainer.swift */ = {isa = PBXFileReference; lastKnownFileType = sourcecode.swift; path = AuthenticationContainer.swift; sourceTree = "<group>"; };
/* End PBXFileReference section */

/* Begin PBXFrameworksBuildPhase section */
		570028C12EA5240E0070D1A3 /* Frameworks */ = {
			isa = PBXFrameworksBuildPhase;
			buildActionMask = 2147483647;
			files = (
				571CB0452EB6673400955424 /* GoogleSignInSwift in Frameworks */,
				57D44A062EB6420900A3C438 /* FirebaseAILogic in Frameworks */,
				571CB0432EB6673400955424 /* GoogleSignIn in Frameworks */,
				57D44A0A2EB6420900A3C438 /* FirebaseAnalyticsCore in Frameworks */,
				57F1D2A92EB2EC52002C5900 /* LineSDK in Frameworks */,
				57D44A0C2EB6420900A3C438 /* FirebaseAnalyticsIdentitySupport in Frameworks */,
				57F1D2AB2EB2EC52002C5900 /* LineSDKObjC in Frameworks */,
				57D44A082EB6420900A3C438 /* FirebaseAnalytics in Frameworks */,
				57D44A042EB6420900A3C438 /* FirebaseAI in Frameworks */,
			);
			runOnlyForDeploymentPostprocessing = 0;
		};
		570028D22EA5240E0070D1A3 /* Frameworks */ = {
			isa = PBXFrameworksBuildPhase;
			buildActionMask = 2147483647;
			files = (
				57867DF32EB2D1EB004335FF /* LineSDK in Frameworks */,
				57867DF52EB2D1EB004335FF /* LineSDKObjC in Frameworks */,
			);
			runOnlyForDeploymentPostprocessing = 0;
		};
		570028DC2EA5240E0070D1A3 /* Frameworks */ = {
			isa = PBXFrameworksBuildPhase;
			buildActionMask = 2147483647;
			files = (
			);
			runOnlyForDeploymentPostprocessing = 0;
		};
/* End PBXFrameworksBuildPhase section */

/* Begin PBXGroup section */
		570028BB2EA5240E0070D1A3 = {
			isa = PBXGroup;
			children = (
				573676C52EAFE2CF00BEDBAD /* Sources */,
				57892A162EAFA6FB00CEF53D /* Configuration */,
				57892A1B2EAFA6FB00CEF53D /* Documentation */,
				57892A1C2EAFA6FB00CEF53D /* Package.swift */,
				57892A222EAFA6FB00CEF53D /* Resources */,
				57892A652EAFA6FB00CEF53D /* SupportingFiles */,
				57892A6E2EAFA6FB00CEF53D /* Tests */,
				57892A722EAFA6FB00CEF53D /* Tools */,
				570028C52EA5240E0070D1A3 /* Products */,
			);
			sourceTree = "<group>";
		};
		570028C52EA5240E0070D1A3 /* Products */ = {
			isa = PBXGroup;
			children = (
				570028C42EA5240E0070D1A3 /* u_me_v0.1.app */,
				570028D52EA5240E0070D1A3 /* u_me_v0.1Tests.xctest */,
				570028DF2EA5240E0070D1A3 /* u_me_v0.1UITests.xctest */,
			);
			name = Products;
			sourceTree = "<group>";
		};
		571CB0312EB6660B00955424 /* Auth */ = {
			isa = PBXGroup;
			children = (
			);
			path = Auth;
			sourceTree = "<group>";
		};
		571CB0332EB6660B00955424 /* Email */ = {
			isa = PBXGroup;
			children = (
				571CB0312EB6660B00955424 /* Auth */,
				571CB0322EB6660B00955424 /* EmailAuthService.swift */,
			);
			path = Email;
			sourceTree = "<group>";
		};
		571CB0382EB6666400955424 /* Auth */ = {
			isa = PBXGroup;
			children = (
				571CB0372EB6666400955424 /* GoogleAuthService.swift */,
			);
			path = Auth;
			sourceTree = "<group>";
		};
		571CB0392EB6666400955424 /* Google */ = {
			isa = PBXGroup;
			children = (
				571CB0382EB6666400955424 /* Auth */,
			);
			path = Google;
			sourceTree = "<group>";
		};
		573675D62EAFE2CF00BEDBAD /* Navigation */ = {
			isa = PBXGroup;
			children = (
			);
			path = Navigation;
			sourceTree = "<group>";
		};
		573675D82EAFE2CF00BEDBAD /* Root */ = {
			isa = PBXGroup;
			children = (
				5747CAC92EB01E6B007DE762 /* MainTabView.swift */,
				573675D72EAFE2CF00BEDBAD /* RootView.swift */,
			);
			path = Root;
			sourceTree = "<group>";
		};
		573675DD2EAFE2CF00BEDBAD /* App */ = {
			isa = PBXGroup;
			children = (
				573675D62EAFE2CF00BEDBAD /* Navigation */,
				573675D82EAFE2CF00BEDBAD /* Root */,
				573675D92EAFE2CF00BEDBAD /* AppCoordinator.swift */,
				573675DA2EAFE2CF00BEDBAD /* AppDelegate.swift */,
				573675DB2EAFE2CF00BEDBAD /* AppMain.swift */,
				573675DC2EAFE2CF00BEDBAD /* SceneDelegate.swift */,
			);
			path = App;
			sourceTree = "<group>";
		};
		573675E62EAFE2CF00BEDBAD /* Data */ = {
			isa = PBXGroup;
			children = (
				57C37DE12EB2DAF900DD896A /* Local */,
				57C37DE52EB2DAF900DD896A /* Network */,
				57C37DE62EB2DAF900DD896A /* Repositories */,
			);
			path = Data;
			sourceTree = "<group>";
		};
		573675E72EAFE2CF00BEDBAD /* Entities */ = {
			isa = PBXGroup;
			children = (
			);
			path = Entities;
			sourceTree = "<group>";
		};
		573675E82EAFE2CF00BEDBAD /* Repositories */ = {
			isa = PBXGroup;
			children = (
			);
			path = Repositories;
			sourceTree = "<group>";
		};
		573675E92EAFE2CF00BEDBAD /* UseCases */ = {
			isa = PBXGroup;
			children = (
			);
			path = UseCases;
			sourceTree = "<group>";
		};
		573675EA2EAFE2CF00BEDBAD /* Domain */ = {
			isa = PBXGroup;
			children = (
				573675E72EAFE2CF00BEDBAD /* Entities */,
				573675E82EAFE2CF00BEDBAD /* Repositories */,
				573675E92EAFE2CF00BEDBAD /* UseCases */,
			);
			path = Domain;
			sourceTree = "<group>";
		};
		573675EB2EAFE2CF00BEDBAD /* Extensions */ = {
			isa = PBXGroup;
			children = (
			);
			path = Extensions;
			sourceTree = "<group>";
		};
		573675ED2EAFE2CF00BEDBAD /* Core */ = {
			isa = PBXGroup;
			children = (
				573675E62EAFE2CF00BEDBAD /* Data */,
				573675EA2EAFE2CF00BEDBAD /* Domain */,
				573675EB2EAFE2CF00BEDBAD /* Extensions */,
				573675EC2EAFE2CF00BEDBAD /* README.md */,
			);
			path = Core;
			sourceTree = "<group>";
		};
		573675EE2EAFE2CF00BEDBAD /* Buttons */ = {
			isa = PBXGroup;
			children = (
			);
			path = Buttons;
			sourceTree = "<group>";
		};
		573675EF2EAFE2CF00BEDBAD /* Inputs */ = {
			isa = PBXGroup;
			children = (
			);
			path = Inputs;
			sourceTree = "<group>";
		};
		573675F02EAFE2CF00BEDBAD /* Loading */ = {
			isa = PBXGroup;
			children = (
			);
			path = Loading;
			sourceTree = "<group>";
		};
		573675F12EAFE2CF00BEDBAD /* Atoms */ = {
			isa = PBXGroup;
			children = (
				573675EE2EAFE2CF00BEDBAD /* Buttons */,
				573675EF2EAFE2CF00BEDBAD /* Inputs */,
				573675F02EAFE2CF00BEDBAD /* Loading */,
			);
			path = Atoms;
			sourceTree = "<group>";
		};
		573675F22EAFE2CF00BEDBAD /* Cards */ = {
			isa = PBXGroup;
			children = (
			);
			path = Cards;
			sourceTree = "<group>";
		};
		573675F32EAFE2CF00BEDBAD /* Forms */ = {
			isa = PBXGroup;
			children = (
			);
			path = Forms;
			sourceTree = "<group>";
		};
		573675F42EAFE2CF00BEDBAD /* Molecules */ = {
			isa = PBXGroup;
			children = (
				573675F22EAFE2CF00BEDBAD /* Cards */,
				573675F32EAFE2CF00BEDBAD /* Forms */,
			);
			path = Molecules;
			sourceTree = "<group>";
		};
		573675F52EAFE2CF00BEDBAD /* Headers */ = {
			isa = PBXGroup;
			children = (
			);
			path = Headers;
			sourceTree = "<group>";
		};
		573675F62EAFE2CF00BEDBAD /* Navigation */ = {
			isa = PBXGroup;
			children = (
			);
			path = Navigation;
			sourceTree = "<group>";
		};
		573675F72EAFE2CF00BEDBAD /* Organisms */ = {
			isa = PBXGroup;
			children = (
				573675F52EAFE2CF00BEDBAD /* Headers */,
				573675F62EAFE2CF00BEDBAD /* Navigation */,
			);
			path = Organisms;
			sourceTree = "<group>";
		};
		573675FA2EAFE2CF00BEDBAD /* Tokens */ = {
			isa = PBXGroup;
			children = (
				573675F82EAFE2CF00BEDBAD /* Colors.swift */,
				573675F92EAFE2CF00BEDBAD /* Typography.swift */,
			);
			path = Tokens;
			sourceTree = "<group>";
		};
		573675FC2EAFE2CF00BEDBAD /* DesignSystem */ = {
			isa = PBXGroup;
			children = (
				573675F12EAFE2CF00BEDBAD /* Atoms */,
				573675F42EAFE2CF00BEDBAD /* Molecules */,
				573675F72EAFE2CF00BEDBAD /* Organisms */,
				573675FA2EAFE2CF00BEDBAD /* Tokens */,
			);
			path = DesignSystem;
			sourceTree = "<group>";
		};
		573676092EAFE2CF00BEDBAD /* Authentication */ = {
			isa = PBXGroup;
			children = (
				57C37DA92EB2D6A900DD896A /* Data */,
				57C37DB62EB2D6A900DD896A /* Domain */,
				57C37DBC2EB2D6A900DD896A /* Presentation */,
				57C37DBD2EB2D6A900DD896A /* README.md */,
			);
			path = Authentication;
			sourceTree = "<group>";
		};
		5736760A2EAFE2CF00BEDBAD /* Repositories */ = {
			isa = PBXGroup;
			children = (
			);
			path = Repositories;
			sourceTree = "<group>";
		};
		5736760B2EAFE2CF00BEDBAD /* Data */ = {
			isa = PBXGroup;
			children = (
				5736760A2EAFE2CF00BEDBAD /* Repositories */,
			);
			path = Data;
			sourceTree = "<group>";
		};
		5736760C2EAFE2CF00BEDBAD /* Entities */ = {
			isa = PBXGroup;
			children = (
			);
			path = Entities;
			sourceTree = "<group>";
		};
		5736760D2EAFE2CF00BEDBAD /* UseCases */ = {
			isa = PBXGroup;
			children = (
			);
			path = UseCases;
			sourceTree = "<group>";
		};
		5736760E2EAFE2CF00BEDBAD /* Domain */ = {
			isa = PBXGroup;
			children = (
				5736760C2EAFE2CF00BEDBAD /* Entities */,
				5736760D2EAFE2CF00BEDBAD /* UseCases */,
			);
			path = Domain;
			sourceTree = "<group>";
		};
		5736760F2EAFE2CF00BEDBAD /* ViewModels */ = {
			isa = PBXGroup;
			children = (
			);
			path = ViewModels;
			sourceTree = "<group>";
		};
		573676102EAFE2CF00BEDBAD /* Views */ = {
			isa = PBXGroup;
			children = (
			);
			path = Views;
			sourceTree = "<group>";
		};
		573676112EAFE2CF00BEDBAD /* Presentation */ = {
			isa = PBXGroup;
			children = (
				5736760F2EAFE2CF00BEDBAD /* ViewModels */,
				573676102EAFE2CF00BEDBAD /* Views */,
			);
			path = Presentation;
			sourceTree = "<group>";
		};
		573676132EAFE2CF00BEDBAD /* CommunityValidation */ = {
			isa = PBXGroup;
			children = (
				5736760B2EAFE2CF00BEDBAD /* Data */,
				5736760E2EAFE2CF00BEDBAD /* Domain */,
				573676112EAFE2CF00BEDBAD /* Presentation */,
			);
			path = CommunityValidation;
			sourceTree = "<group>";
		};
		573676142EAFE2CF00BEDBAD /* ML */ = {
			isa = PBXGroup;
			children = (
			);
			path = ML;
			sourceTree = "<group>";
		};
		573676152EAFE2CF00BEDBAD /* Repositories */ = {
			isa = PBXGroup;
			children = (
			);
			path = Repositories;
			sourceTree = "<group>";
		};
		573676162EAFE2CF00BEDBAD /* Data */ = {
			isa = PBXGroup;
			children = (
				573676142EAFE2CF00BEDBAD /* ML */,
				573676152EAFE2CF00BEDBAD /* Repositories */,
			);
			path = Data;
			sourceTree = "<group>";
		};
		573676172EAFE2CF00BEDBAD /* Entities */ = {
			isa = PBXGroup;
			children = (
			);
			path = Entities;
			sourceTree = "<group>";
		};
		573676182EAFE2CF00BEDBAD /* UseCases */ = {
			isa = PBXGroup;
			children = (
			);
			path = UseCases;
			sourceTree = "<group>";
		};
		573676192EAFE2CF00BEDBAD /* Domain */ = {
			isa = PBXGroup;
			children = (
				573676172EAFE2CF00BEDBAD /* Entities */,
				573676182EAFE2CF00BEDBAD /* UseCases */,
			);
			path = Domain;
			sourceTree = "<group>";
		};
		5736761A2EAFE2CF00BEDBAD /* ViewModels */ = {
			isa = PBXGroup;
			children = (
			);
			path = ViewModels;
			sourceTree = "<group>";
		};
		5736761B2EAFE2CF00BEDBAD /* Presentation */ = {
			isa = PBXGroup;
			children = (
				5736761A2EAFE2CF00BEDBAD /* ViewModels */,
			);
			path = Presentation;
			sourceTree = "<group>";
		};
		5736761D2EAFE2CF00BEDBAD /* ContentAnalysis */ = {
			isa = PBXGroup;
			children = (
				573676162EAFE2CF00BEDBAD /* Data */,
				573676192EAFE2CF00BEDBAD /* Domain */,
				5736761B2EAFE2CF00BEDBAD /* Presentation */,
			);
			path = ContentAnalysis;
			sourceTree = "<group>";
		};
		5736761E2EAFE2CF00BEDBAD /* Repositories */ = {
			isa = PBXGroup;
			children = (
			);
			path = Repositories;
			sourceTree = "<group>";
		};
		5736761F2EAFE2CF00BEDBAD /* Data */ = {
			isa = PBXGroup;
			children = (
				5736761E2EAFE2CF00BEDBAD /* Repositories */,
			);
			path = Data;
			sourceTree = "<group>";
		};
		573676202EAFE2CF00BEDBAD /* Entities */ = {
			isa = PBXGroup;
			children = (
			);
			path = Entities;
			sourceTree = "<group>";
		};
		573676212EAFE2CF00BEDBAD /* UseCases */ = {
			isa = PBXGroup;
			children = (
			);
			path = UseCases;
			sourceTree = "<group>";
		};
		573676222EAFE2CF00BEDBAD /* Domain */ = {
			isa = PBXGroup;
			children = (
				573676202EAFE2CF00BEDBAD /* Entities */,
				573676212EAFE2CF00BEDBAD /* UseCases */,
			);
			path = Domain;
			sourceTree = "<group>";
		};
		573676232EAFE2CF00BEDBAD /* ViewModels */ = {
			isa = PBXGroup;
			children = (
			);
			path = ViewModels;
			sourceTree = "<group>";
		};
		573676242EAFE2CF00BEDBAD /* BackgroundGeneration */ = {
			isa = PBXGroup;
			children = (
			);
			path = BackgroundGeneration;
			sourceTree = "<group>";
		};
		573676252EAFE2CF00BEDBAD /* NarrativePrompts */ = {
			isa = PBXGroup;
			children = (
			);
			path = NarrativePrompts;
			sourceTree = "<group>";
		};
		573676262EAFE2CF00BEDBAD /* VideoEditor */ = {
			isa = PBXGroup;
			children = (
			);
			path = VideoEditor;
			sourceTree = "<group>";
		};
		573676272EAFE2CF00BEDBAD /* Views */ = {
			isa = PBXGroup;
			children = (
				573676242EAFE2CF00BEDBAD /* BackgroundGeneration */,
				573676252EAFE2CF00BEDBAD /* NarrativePrompts */,
				573676262EAFE2CF00BEDBAD /* VideoEditor */,
			);
			path = Views;
			sourceTree = "<group>";
		};
		573676282EAFE2CF00BEDBAD /* Presentation */ = {
			isa = PBXGroup;
			children = (
				573676232EAFE2CF00BEDBAD /* ViewModels */,
				573676272EAFE2CF00BEDBAD /* Views */,
			);
			path = Presentation;
			sourceTree = "<group>";
		};
		5736762A2EAFE2CF00BEDBAD /* CreatorToolkit */ = {
			isa = PBXGroup;
			children = (
				5736761F2EAFE2CF00BEDBAD /* Data */,
				573676222EAFE2CF00BEDBAD /* Domain */,
				573676282EAFE2CF00BEDBAD /* Presentation */,
			);
			path = CreatorToolkit;
			sourceTree = "<group>";
		};
		5736762B2EAFE2CF00BEDBAD /* DataSources */ = {
			isa = PBXGroup;
			children = (
			);
			path = DataSources;
			sourceTree = "<group>";
		};
		5736762C2EAFE2CF00BEDBAD /* DTOs */ = {
			isa = PBXGroup;
			children = (
			);
			path = DTOs;
			sourceTree = "<group>";
		};
		5736762D2EAFE2CF00BEDBAD /* Repositories */ = {
			isa = PBXGroup;
			children = (
			);
			path = Repositories;
			sourceTree = "<group>";
		};
		5736762E2EAFE2CF00BEDBAD /* Data */ = {
			isa = PBXGroup;
			children = (
				5736762B2EAFE2CF00BEDBAD /* DataSources */,
				5736762C2EAFE2CF00BEDBAD /* DTOs */,
				5736762D2EAFE2CF00BEDBAD /* Repositories */,
			);
			path = Data;
			sourceTree = "<group>";
		};
		5736762F2EAFE2CF00BEDBAD /* Entities */ = {
			isa = PBXGroup;
			children = (
			);
			path = Entities;
			sourceTree = "<group>";
		};
		573676302EAFE2CF00BEDBAD /* Repositories */ = {
			isa = PBXGroup;
			children = (
			);
			path = Repositories;
			sourceTree = "<group>";
		};
		573676312EAFE2CF00BEDBAD /* UseCases */ = {
			isa = PBXGroup;
			children = (
			);
			path = UseCases;
			sourceTree = "<group>";
		};
		573676322EAFE2CF00BEDBAD /* Domain */ = {
			isa = PBXGroup;
			children = (
				5736762F2EAFE2CF00BEDBAD /* Entities */,
				573676302EAFE2CF00BEDBAD /* Repositories */,
				573676312EAFE2CF00BEDBAD /* UseCases */,
			);
			path = Domain;
			sourceTree = "<group>";
		};
		573676332EAFE2CF00BEDBAD /* ViewModels */ = {
			isa = PBXGroup;
			children = (
			);
			path = ViewModels;
			sourceTree = "<group>";
		};
		573676342EAFE2CF00BEDBAD /* Components */ = {
			isa = PBXGroup;
			children = (
			);
			path = Components;
			sourceTree = "<group>";
		};
		573676352EAFE2CF00BEDBAD /* Views */ = {
			isa = PBXGroup;
			children = (
				573676342EAFE2CF00BEDBAD /* Components */,
			);
			path = Views;
			sourceTree = "<group>";
		};
		573676362EAFE2CF00BEDBAD /* Presentation */ = {
			isa = PBXGroup;
			children = (
				573676332EAFE2CF00BEDBAD /* ViewModels */,
				573676352EAFE2CF00BEDBAD /* Views */,
			);
			path = Presentation;
			sourceTree = "<group>";
		};
		573676372EAFE2CF00BEDBAD /* Discovery */ = {
			isa = PBXGroup;
			children = (
				5736762E2EAFE2CF00BEDBAD /* Data */,
				573676322EAFE2CF00BEDBAD /* Domain */,
				573676362EAFE2CF00BEDBAD /* Presentation */,
			);
			path = Discovery;
			sourceTree = "<group>";
		};
		573676382EAFE2CF00BEDBAD /* Repositories */ = {
			isa = PBXGroup;
			children = (
			);
			path = Repositories;
			sourceTree = "<group>";
		};
		573676392EAFE2CF00BEDBAD /* Data */ = {
			isa = PBXGroup;
			children = (
				573676382EAFE2CF00BEDBAD /* Repositories */,
			);
			path = Data;
			sourceTree = "<group>";
		};
		5736763A2EAFE2CF00BEDBAD /* Entities */ = {
			isa = PBXGroup;
			children = (
			);
			path = Entities;
			sourceTree = "<group>";
		};
		5736763B2EAFE2CF00BEDBAD /* UseCases */ = {
			isa = PBXGroup;
			children = (
			);
			path = UseCases;
			sourceTree = "<group>";
		};
		5736763C2EAFE2CF00BEDBAD /* Domain */ = {
			isa = PBXGroup;
			children = (
				5736763A2EAFE2CF00BEDBAD /* Entities */,
				5736763B2EAFE2CF00BEDBAD /* UseCases */,
			);
			path = Domain;
			sourceTree = "<group>";
		};
		5736763D2EAFE2CF00BEDBAD /* ViewModels */ = {
			isa = PBXGroup;
			children = (
			);
			path = ViewModels;
			sourceTree = "<group>";
		};
		5736763E2EAFE2CF00BEDBAD /* Views */ = {
			isa = PBXGroup;
			children = (
			);
			path = Views;
			sourceTree = "<group>";
		};
		5736763F2EAFE2CF00BEDBAD /* Presentation */ = {
			isa = PBXGroup;
			children = (
				5736763D2EAFE2CF00BEDBAD /* ViewModels */,
				5736763E2EAFE2CF00BEDBAD /* Views */,
			);
			path = Presentation;
			sourceTree = "<group>";
		};
		573676412EAFE2CF00BEDBAD /* IndirectCommerce */ = {
			isa = PBXGroup;
			children = (
				573676392EAFE2CF00BEDBAD /* Data */,
				5736763C2EAFE2CF00BEDBAD /* Domain */,
				5736763F2EAFE2CF00BEDBAD /* Presentation */,
			);
			path = IndirectCommerce;
			sourceTree = "<group>";
		};
		573676422EAFE2CF00BEDBAD /* DTOs */ = {
			isa = PBXGroup;
			children = (
			);
			path = DTOs;
			sourceTree = "<group>";
		};
		573676432EAFE2CF00BEDBAD /* ML */ = {
			isa = PBXGroup;
			children = (
			);
			path = ML;
			sourceTree = "<group>";
		};
		573676442EAFE2CF00BEDBAD /* Repositories */ = {
			isa = PBXGroup;
			children = (
			);
			path = Repositories;
			sourceTree = "<group>";
		};
		573676452EAFE2CF00BEDBAD /* Data */ = {
			isa = PBXGroup;
			children = (
				573676422EAFE2CF00BEDBAD /* DTOs */,
				573676432EAFE2CF00BEDBAD /* ML */,
				573676442EAFE2CF00BEDBAD /* Repositories */,
			);
			path = Data;
			sourceTree = "<group>";
		};
		573676462EAFE2CF00BEDBAD /* Entities */ = {
			isa = PBXGroup;
			children = (
			);
			path = Entities;
			sourceTree = "<group>";
		};
		573676472EAFE2CF00BEDBAD /* Repositories */ = {
			isa = PBXGroup;
			children = (
			);
			path = Repositories;
			sourceTree = "<group>";
		};
		573676482EAFE2CF00BEDBAD /* UseCases */ = {
			isa = PBXGroup;
			children = (
			);
			path = UseCases;
			sourceTree = "<group>";
		};
		573676492EAFE2CF00BEDBAD /* Domain */ = {
			isa = PBXGroup;
			children = (
				573676462EAFE2CF00BEDBAD /* Entities */,
				573676472EAFE2CF00BEDBAD /* Repositories */,
				573676482EAFE2CF00BEDBAD /* UseCases */,
			);
			path = Domain;
			sourceTree = "<group>";
		};
		5736764A2EAFE2CF00BEDBAD /* ViewModels */ = {
			isa = PBXGroup;
			children = (
			);
			path = ViewModels;
			sourceTree = "<group>";
		};
		5736764B2EAFE2CF00BEDBAD /* Views */ = {
			isa = PBXGroup;
			children = (
			);
			path = Views;
			sourceTree = "<group>";
		};
		5736764C2EAFE2CF00BEDBAD /* Presentation */ = {
			isa = PBXGroup;
			children = (
				5736764A2EAFE2CF00BEDBAD /* ViewModels */,
				5736764B2EAFE2CF00BEDBAD /* Views */,
			);
			path = Presentation;
			sourceTree = "<group>";
		};
		5736764E2EAFE2CF00BEDBAD /* MatchingAlgorithm */ = {
			isa = PBXGroup;
			children = (
				573676452EAFE2CF00BEDBAD /* Data */,
				573676492EAFE2CF00BEDBAD /* Domain */,
				5736764C2EAFE2CF00BEDBAD /* Presentation */,
			);
			path = MatchingAlgorithm;
			sourceTree = "<group>";
		};
		5736764F2EAFE2CF00BEDBAD /* DataSources */ = {
			isa = PBXGroup;
			children = (
			);
			path = DataSources;
			sourceTree = "<group>";
		};
		573676502EAFE2CF00BEDBAD /* DTOs */ = {
			isa = PBXGroup;
			children = (
			);
			path = DTOs;
			sourceTree = "<group>";
		};
		573676512EAFE2CF00BEDBAD /* Repositories */ = {
			isa = PBXGroup;
			children = (
			);
			path = Repositories;
			sourceTree = "<group>";
		};
		573676522EAFE2CF00BEDBAD /* Data */ = {
			isa = PBXGroup;
			children = (
				5736764F2EAFE2CF00BEDBAD /* DataSources */,
				573676502EAFE2CF00BEDBAD /* DTOs */,
				573676512EAFE2CF00BEDBAD /* Repositories */,
			);
			path = Data;
			sourceTree = "<group>";
		};
		573676532EAFE2CF00BEDBAD /* Entities */ = {
			isa = PBXGroup;
			children = (
			);
			path = Entities;
			sourceTree = "<group>";
		};
		573676542EAFE2CF00BEDBAD /* Repositories */ = {
			isa = PBXGroup;
			children = (
			);
			path = Repositories;
			sourceTree = "<group>";
		};
		573676552EAFE2CF00BEDBAD /* UseCases */ = {
			isa = PBXGroup;
			children = (
			);
			path = UseCases;
			sourceTree = "<group>";
		};
		573676562EAFE2CF00BEDBAD /* Domain */ = {
			isa = PBXGroup;
			children = (
				573676532EAFE2CF00BEDBAD /* Entities */,
				573676542EAFE2CF00BEDBAD /* Repositories */,
				573676552EAFE2CF00BEDBAD /* UseCases */,
			);
			path = Domain;
			sourceTree = "<group>";
		};
		573676572EAFE2CF00BEDBAD /* ViewModels */ = {
			isa = PBXGroup;
			children = (
			);
			path = ViewModels;
			sourceTree = "<group>";
		};
		573676582EAFE2CF00BEDBAD /* Components */ = {
			isa = PBXGroup;
			children = (
			);
			path = Components;
			sourceTree = "<group>";
		};
		573676592EAFE2CF00BEDBAD /* Views */ = {
			isa = PBXGroup;
			children = (
				573676582EAFE2CF00BEDBAD /* Components */,
			);
			path = Views;
			sourceTree = "<group>";
		};
		5736765A2EAFE2CF00BEDBAD /* Presentation */ = {
			isa = PBXGroup;
			children = (
				573676572EAFE2CF00BEDBAD /* ViewModels */,
				573676592EAFE2CF00BEDBAD /* Views */,
			);
			path = Presentation;
			sourceTree = "<group>";
		};
		5736765B2EAFE2CF00BEDBAD /* Messaging */ = {
			isa = PBXGroup;
			children = (
				573676522EAFE2CF00BEDBAD /* Data */,
				573676562EAFE2CF00BEDBAD /* Domain */,
				5736765A2EAFE2CF00BEDBAD /* Presentation */,
			);
			path = Messaging;
			sourceTree = "<group>";
		};
		5736765C2EAFE2CF00BEDBAD /* DataSources */ = {
			isa = PBXGroup;
			children = (
			);
			path = DataSources;
			sourceTree = "<group>";
		};
		5736765D2EAFE2CF00BEDBAD /* DTOs */ = {
			isa = PBXGroup;
			children = (
			);
			path = DTOs;
			sourceTree = "<group>";
		};
		5736765E2EAFE2CF00BEDBAD /* Repositories */ = {
			isa = PBXGroup;
			children = (
			);
			path = Repositories;
			sourceTree = "<group>";
		};
		5736765F2EAFE2CF00BEDBAD /* Data */ = {
			isa = PBXGroup;
			children = (
				5736765C2EAFE2CF00BEDBAD /* DataSources */,
				5736765D2EAFE2CF00BEDBAD /* DTOs */,
				5736765E2EAFE2CF00BEDBAD /* Repositories */,
			);
			path = Data;
			sourceTree = "<group>";
		};
		573676602EAFE2CF00BEDBAD /* Entities */ = {
			isa = PBXGroup;
			children = (
			);
			path = Entities;
			sourceTree = "<group>";
		};
		573676612EAFE2CF00BEDBAD /* Repositories */ = {
			isa = PBXGroup;
			children = (
			);
			path = Repositories;
			sourceTree = "<group>";
		};
		573676622EAFE2CF00BEDBAD /* UseCases */ = {
			isa = PBXGroup;
			children = (
			);
			path = UseCases;
			sourceTree = "<group>";
		};
		573676632EAFE2CF00BEDBAD /* Domain */ = {
			isa = PBXGroup;
			children = (
				573676602EAFE2CF00BEDBAD /* Entities */,
				573676612EAFE2CF00BEDBAD /* Repositories */,
				573676622EAFE2CF00BEDBAD /* UseCases */,
			);
			path = Domain;
			sourceTree = "<group>";
		};
		573676642EAFE2CF00BEDBAD /* ViewModels */ = {
			isa = PBXGroup;
			children = (
			);
			path = ViewModels;
			sourceTree = "<group>";
		};
		573676652EAFE2CF00BEDBAD /* Components */ = {
			isa = PBXGroup;
			children = (
			);
			path = Components;
			sourceTree = "<group>";
		};
		573676662EAFE2CF00BEDBAD /* Views */ = {
			isa = PBXGroup;
			children = (
				573676652EAFE2CF00BEDBAD /* Components */,
			);
			path = Views;
			sourceTree = "<group>";
		};
		573676672EAFE2CF00BEDBAD /* Presentation */ = {
			isa = PBXGroup;
			children = (
				573676642EAFE2CF00BEDBAD /* ViewModels */,
				573676662EAFE2CF00BEDBAD /* Views */,
			);
			path = Presentation;
			sourceTree = "<group>";
		};
		573676682EAFE2CF00BEDBAD /* Onboarding */ = {
			isa = PBXGroup;
			children = (
				5736765F2EAFE2CF00BEDBAD /* Data */,
				573676632EAFE2CF00BEDBAD /* Domain */,
				573676672EAFE2CF00BEDBAD /* Presentation */,
			);
			path = Onboarding;
			sourceTree = "<group>";
		};
		573676692EAFE2CF00BEDBAD /* DataSources */ = {
			isa = PBXGroup;
			children = (
			);
			path = DataSources;
			sourceTree = "<group>";
		};
		5736766A2EAFE2CF00BEDBAD /* DTOs */ = {
			isa = PBXGroup;
			children = (
			);
			path = DTOs;
			sourceTree = "<group>";
		};
		5736766B2EAFE2CF00BEDBAD /* Repositories */ = {
			isa = PBXGroup;
			children = (
			);
			path = Repositories;
			sourceTree = "<group>";
		};
		5736766C2EAFE2CF00BEDBAD /* Data */ = {
			isa = PBXGroup;
			children = (
				573676692EAFE2CF00BEDBAD /* DataSources */,
				5736766A2EAFE2CF00BEDBAD /* DTOs */,
				5736766B2EAFE2CF00BEDBAD /* Repositories */,
			);
			path = Data;
			sourceTree = "<group>";
		};
		5736766D2EAFE2CF00BEDBAD /* Entities */ = {
			isa = PBXGroup;
			children = (
			);
			path = Entities;
			sourceTree = "<group>";
		};
		5736766E2EAFE2CF00BEDBAD /* Repositories */ = {
			isa = PBXGroup;
			children = (
			);
			path = Repositories;
			sourceTree = "<group>";
		};
		5736766F2EAFE2CF00BEDBAD /* UseCases */ = {
			isa = PBXGroup;
			children = (
			);
			path = UseCases;
			sourceTree = "<group>";
		};
		573676702EAFE2CF00BEDBAD /* Domain */ = {
			isa = PBXGroup;
			children = (
				5736766D2EAFE2CF00BEDBAD /* Entities */,
				5736766E2EAFE2CF00BEDBAD /* Repositories */,
				5736766F2EAFE2CF00BEDBAD /* UseCases */,
			);
			path = Domain;
			sourceTree = "<group>";
		};
		573676712EAFE2CF00BEDBAD /* ViewModels */ = {
			isa = PBXGroup;
			children = (
			);
			path = ViewModels;
			sourceTree = "<group>";
		};
		573676722EAFE2CF00BEDBAD /* Components */ = {
			isa = PBXGroup;
			children = (
			);
			path = Components;
			sourceTree = "<group>";
		};
		573676732EAFE2CF00BEDBAD /* Views */ = {
			isa = PBXGroup;
			children = (
				573676722EAFE2CF00BEDBAD /* Components */,
			);
			path = Views;
			sourceTree = "<group>";
		};
		573676742EAFE2CF00BEDBAD /* Presentation */ = {
			isa = PBXGroup;
			children = (
				573676712EAFE2CF00BEDBAD /* ViewModels */,
				573676732EAFE2CF00BEDBAD /* Views */,
			);
			path = Presentation;
			sourceTree = "<group>";
		};
		573676752EAFE2CF00BEDBAD /* Payment */ = {
			isa = PBXGroup;
			children = (
				5736766C2EAFE2CF00BEDBAD /* Data */,
				573676702EAFE2CF00BEDBAD /* Domain */,
				573676742EAFE2CF00BEDBAD /* Presentation */,
			);
			path = Payment;
			sourceTree = "<group>";
		};
		573676762EAFE2CF00BEDBAD /* Repositories */ = {
			isa = PBXGroup;
			children = (
			);
			path = Repositories;
			sourceTree = "<group>";
		};
		573676772EAFE2CF00BEDBAD /* Data */ = {
			isa = PBXGroup;
			children = (
				573676762EAFE2CF00BEDBAD /* Repositories */,
			);
			path = Data;
			sourceTree = "<group>";
		};
		573676782EAFE2CF00BEDBAD /* Entities */ = {
			isa = PBXGroup;
			children = (
			);
			path = Entities;
			sourceTree = "<group>";
		};
		573676792EAFE2CF00BEDBAD /* UseCases */ = {
			isa = PBXGroup;
			children = (
			);
			path = UseCases;
			sourceTree = "<group>";
		};
		5736767A2EAFE2CF00BEDBAD /* Domain */ = {
			isa = PBXGroup;
			children = (
				573676782EAFE2CF00BEDBAD /* Entities */,
				573676792EAFE2CF00BEDBAD /* UseCases */,
			);
			path = Domain;
			sourceTree = "<group>";
		};
		5736767B2EAFE2CF00BEDBAD /* ViewModels */ = {
			isa = PBXGroup;
			children = (
			);
			path = ViewModels;
			sourceTree = "<group>";
		};
		5736767C2EAFE2CF00BEDBAD /* Views */ = {
			isa = PBXGroup;
			children = (
			);
			path = Views;
			sourceTree = "<group>";
		};
		5736767D2EAFE2CF00BEDBAD /* Presentation */ = {
			isa = PBXGroup;
			children = (
				5736767B2EAFE2CF00BEDBAD /* ViewModels */,
				5736767C2EAFE2CF00BEDBAD /* Views */,
			);
			path = Presentation;
			sourceTree = "<group>";
		};
		5736767F2EAFE2CF00BEDBAD /* PerformanceIntelligence */ = {
			isa = PBXGroup;
			children = (
				573676772EAFE2CF00BEDBAD /* Data */,
				5736767A2EAFE2CF00BEDBAD /* Domain */,
				5736767D2EAFE2CF00BEDBAD /* Presentation */,
			);
			path = PerformanceIntelligence;
			sourceTree = "<group>";
		};
		573676802EAFE2CF00BEDBAD /* DataSources */ = {
			isa = PBXGroup;
			children = (
			);
			path = DataSources;
			sourceTree = "<group>";
		};
		573676812EAFE2CF00BEDBAD /* DTOs */ = {
			isa = PBXGroup;
			children = (
			);
			path = DTOs;
			sourceTree = "<group>";
		};
		573676822EAFE2CF00BEDBAD /* Repositories */ = {
			isa = PBXGroup;
			children = (
			);
			path = Repositories;
			sourceTree = "<group>";
		};
		573676832EAFE2CF00BEDBAD /* Data */ = {
			isa = PBXGroup;
			children = (
				573676802EAFE2CF00BEDBAD /* DataSources */,
				573676812EAFE2CF00BEDBAD /* DTOs */,
				573676822EAFE2CF00BEDBAD /* Repositories */,
			);
			path = Data;
			sourceTree = "<group>";
		};
		573676842EAFE2CF00BEDBAD /* Entities */ = {
			isa = PBXGroup;
			children = (
			);
			path = Entities;
			sourceTree = "<group>";
		};
		573676852EAFE2CF00BEDBAD /* Repositories */ = {
			isa = PBXGroup;
			children = (
			);
			path = Repositories;
			sourceTree = "<group>";
		};
		573676862EAFE2CF00BEDBAD /* UseCases */ = {
			isa = PBXGroup;
			children = (
			);
			path = UseCases;
			sourceTree = "<group>";
		};
		573676872EAFE2CF00BEDBAD /* Domain */ = {
			isa = PBXGroup;
			children = (
				573676842EAFE2CF00BEDBAD /* Entities */,
				573676852EAFE2CF00BEDBAD /* Repositories */,
				573676862EAFE2CF00BEDBAD /* UseCases */,
			);
			path = Domain;
			sourceTree = "<group>";
		};
		573676882EAFE2CF00BEDBAD /* ViewModels */ = {
			isa = PBXGroup;
			children = (
			);
			path = ViewModels;
			sourceTree = "<group>";
		};
		573676892EAFE2CF00BEDBAD /* Components */ = {
			isa = PBXGroup;
			children = (
			);
			path = Components;
			sourceTree = "<group>";
		};
		5736768A2EAFE2CF00BEDBAD /* Views */ = {
			isa = PBXGroup;
			children = (
				573676892EAFE2CF00BEDBAD /* Components */,
			);
			path = Views;
			sourceTree = "<group>";
		};
		5736768B2EAFE2CF00BEDBAD /* Presentation */ = {
			isa = PBXGroup;
			children = (
				573676882EAFE2CF00BEDBAD /* ViewModels */,
				5736768A2EAFE2CF00BEDBAD /* Views */,
			);
			path = Presentation;
			sourceTree = "<group>";
		};
		5736768C2EAFE2CF00BEDBAD /* Profile */ = {
			isa = PBXGroup;
			children = (
				573676832EAFE2CF00BEDBAD /* Data */,
				573676872EAFE2CF00BEDBAD /* Domain */,
				5736768B2EAFE2CF00BEDBAD /* Presentation */,
			);
			path = Profile;
			sourceTree = "<group>";
		};
		5736768D2EAFE2CF00BEDBAD /* DataSources */ = {
			isa = PBXGroup;
			children = (
			);
			path = DataSources;
			sourceTree = "<group>";
		};
		5736768E2EAFE2CF00BEDBAD /* DTOs */ = {
			isa = PBXGroup;
			children = (
			);
			path = DTOs;
			sourceTree = "<group>";
		};
		5736768F2EAFE2CF00BEDBAD /* Repositories */ = {
			isa = PBXGroup;
			children = (
			);
			path = Repositories;
			sourceTree = "<group>";
		};
		573676902EAFE2CF00BEDBAD /* Data */ = {
			isa = PBXGroup;
			children = (
				5736768D2EAFE2CF00BEDBAD /* DataSources */,
				5736768E2EAFE2CF00BEDBAD /* DTOs */,
				5736768F2EAFE2CF00BEDBAD /* Repositories */,
			);
			path = Data;
			sourceTree = "<group>";
		};
		573676912EAFE2CF00BEDBAD /* Entities */ = {
			isa = PBXGroup;
			children = (
			);
			path = Entities;
			sourceTree = "<group>";
		};
		573676922EAFE2CF00BEDBAD /* Repositories */ = {
			isa = PBXGroup;
			children = (
			);
			path = Repositories;
			sourceTree = "<group>";
		};
		573676932EAFE2CF00BEDBAD /* UseCases */ = {
			isa = PBXGroup;
			children = (
			);
			path = UseCases;
			sourceTree = "<group>";
		};
		573676942EAFE2CF00BEDBAD /* Domain */ = {
			isa = PBXGroup;
			children = (
				573676912EAFE2CF00BEDBAD /* Entities */,
				573676922EAFE2CF00BEDBAD /* Repositories */,
				573676932EAFE2CF00BEDBAD /* UseCases */,
			);
			path = Domain;
			sourceTree = "<group>";
		};
		573676952EAFE2CF00BEDBAD /* ViewModels */ = {
			isa = PBXGroup;
			children = (
			);
			path = ViewModels;
			sourceTree = "<group>";
		};
		573676962EAFE2CF00BEDBAD /* Components */ = {
			isa = PBXGroup;
			children = (
			);
			path = Components;
			sourceTree = "<group>";
		};
		573676972EAFE2CF00BEDBAD /* Views */ = {
			isa = PBXGroup;
			children = (
				573676962EAFE2CF00BEDBAD /* Components */,
			);
			path = Views;
			sourceTree = "<group>";
		};
		573676982EAFE2CF00BEDBAD /* Presentation */ = {
			isa = PBXGroup;
			children = (
				573676952EAFE2CF00BEDBAD /* ViewModels */,
				573676972EAFE2CF00BEDBAD /* Views */,
			);
			path = Presentation;
			sourceTree = "<group>";
		};
		573676992EAFE2CF00BEDBAD /* Search */ = {
			isa = PBXGroup;
			children = (
				573676902EAFE2CF00BEDBAD /* Data */,
				573676942EAFE2CF00BEDBAD /* Domain */,
				573676982EAFE2CF00BEDBAD /* Presentation */,
			);
			path = Search;
			sourceTree = "<group>";
		};
		5736769A2EAFE2CF00BEDBAD /* DataSources */ = {
			isa = PBXGroup;
			children = (
			);
			path = DataSources;
			sourceTree = "<group>";
		};
		5736769B2EAFE2CF00BEDBAD /* DTOs */ = {
			isa = PBXGroup;
			children = (
			);
			path = DTOs;
			sourceTree = "<group>";
		};
		5736769C2EAFE2CF00BEDBAD /* Repositories */ = {
			isa = PBXGroup;
			children = (
			);
			path = Repositories;
			sourceTree = "<group>";
		};
		5736769D2EAFE2CF00BEDBAD /* Data */ = {
			isa = PBXGroup;
			children = (
				5736769A2EAFE2CF00BEDBAD /* DataSources */,
				5736769B2EAFE2CF00BEDBAD /* DTOs */,
				5736769C2EAFE2CF00BEDBAD /* Repositories */,
			);
			path = Data;
			sourceTree = "<group>";
		};
		5736769E2EAFE2CF00BEDBAD /* Entities */ = {
			isa = PBXGroup;
			children = (
			);
			path = Entities;
			sourceTree = "<group>";
		};
		5736769F2EAFE2CF00BEDBAD /* Repositories */ = {
			isa = PBXGroup;
			children = (
			);
			path = Repositories;
			sourceTree = "<group>";
		};
		573676A02EAFE2CF00BEDBAD /* UseCases */ = {
			isa = PBXGroup;
			children = (
			);
			path = UseCases;
			sourceTree = "<group>";
		};
		573676A12EAFE2CF00BEDBAD /* Domain */ = {
			isa = PBXGroup;
			children = (
				5736769E2EAFE2CF00BEDBAD /* Entities */,
				5736769F2EAFE2CF00BEDBAD /* Repositories */,
				573676A02EAFE2CF00BEDBAD /* UseCases */,
			);
			path = Domain;
			sourceTree = "<group>";
		};
		573676A22EAFE2CF00BEDBAD /* ViewModels */ = {
			isa = PBXGroup;
			children = (
			);
			path = ViewModels;
			sourceTree = "<group>";
		};
		573676A32EAFE2CF00BEDBAD /* Components */ = {
			isa = PBXGroup;
			children = (
			);
			path = Components;
			sourceTree = "<group>";
		};
		573676A42EAFE2CF00BEDBAD /* Views */ = {
			isa = PBXGroup;
			children = (
				573676A32EAFE2CF00BEDBAD /* Components */,
			);
			path = Views;
			sourceTree = "<group>";
		};
		573676A52EAFE2CF00BEDBAD /* Presentation */ = {
			isa = PBXGroup;
			children = (
				573676A22EAFE2CF00BEDBAD /* ViewModels */,
				573676A42EAFE2CF00BEDBAD /* Views */,
			);
			path = Presentation;
			sourceTree = "<group>";
		};
		573676A62EAFE2CF00BEDBAD /* Settings */ = {
			isa = PBXGroup;
			children = (
				5736769D2EAFE2CF00BEDBAD /* Data */,
				573676A12EAFE2CF00BEDBAD /* Domain */,
				573676A52EAFE2CF00BEDBAD /* Presentation */,
			);
			path = Settings;
			sourceTree = "<group>";
		};
		573676A82EAFE2CF00BEDBAD /* Features */ = {
			isa = PBXGroup;
			children = (
				573676092EAFE2CF00BEDBAD /* Authentication */,
				573676132EAFE2CF00BEDBAD /* CommunityValidation */,
				5736761D2EAFE2CF00BEDBAD /* ContentAnalysis */,
				5736762A2EAFE2CF00BEDBAD /* CreatorToolkit */,
				573676372EAFE2CF00BEDBAD /* Discovery */,
				573676412EAFE2CF00BEDBAD /* IndirectCommerce */,
				5736764E2EAFE2CF00BEDBAD /* MatchingAlgorithm */,
				5736765B2EAFE2CF00BEDBAD /* Messaging */,
				573676682EAFE2CF00BEDBAD /* Onboarding */,
				573676752EAFE2CF00BEDBAD /* Payment */,
				5736767F2EAFE2CF00BEDBAD /* PerformanceIntelligence */,
				5736768C2EAFE2CF00BEDBAD /* Profile */,
				573676992EAFE2CF00BEDBAD /* Search */,
				573676A62EAFE2CF00BEDBAD /* Settings */,
			);
			path = Features;
			sourceTree = "<group>";
		};
		573676A92EAFE2CF00BEDBAD /* Analytics */ = {
			isa = PBXGroup;
			children = (
			);
			path = Analytics;
			sourceTree = "<group>";
		};
		573676AA2EAFE2CF00BEDBAD /* DI */ = {
			isa = PBXGroup;
			children = (
				57C37DE92EB2DB1600DD896A /* AuthenticationContainer.swift */,
			);
			path = DI;
			sourceTree = "<group>";
		};
		573676AB2EAFE2CF00BEDBAD /* Logging */ = {
			isa = PBXGroup;
			children = (
			);
			path = Logging;
			sourceTree = "<group>";
		};
		573676AC2EAFE2CF00BEDBAD /* Navigation */ = {
			isa = PBXGroup;
			children = (
			);
			path = Navigation;
			sourceTree = "<group>";
		};
		573676AD2EAFE2CF00BEDBAD /* Infrastructure */ = {
			isa = PBXGroup;
			children = (
				573676A92EAFE2CF00BEDBAD /* Analytics */,
				573676AA2EAFE2CF00BEDBAD /* DI */,
				573676AB2EAFE2CF00BEDBAD /* Logging */,
				573676AC2EAFE2CF00BEDBAD /* Navigation */,
			);
			path = Infrastructure;
			sourceTree = "<group>";
		};
		573676AE2EAFE2CF00BEDBAD /* Analytics */ = {
			isa = PBXGroup;
			children = (
			);
			path = Analytics;
			sourceTree = "<group>";
		};
		573676AF2EAFE2CF00BEDBAD /* Auth */ = {
			isa = PBXGroup;
			children = (
			);
			path = Auth;
			sourceTree = "<group>";
		};
		573676B02EAFE2CF00BEDBAD /* Storage */ = {
			isa = PBXGroup;
			children = (
			);
			path = Storage;
			sourceTree = "<group>";
		};
		573676B12EAFE2CF00BEDBAD /* Firebase */ = {
			isa = PBXGroup;
			children = (
				573676AE2EAFE2CF00BEDBAD /* Analytics */,
				573676AF2EAFE2CF00BEDBAD /* Auth */,
				573676B02EAFE2CF00BEDBAD /* Storage */,
			);
			path = Firebase;
			sourceTree = "<group>";
		};
		573676B22EAFE2CF00BEDBAD /* Auth */ = {
			isa = PBXGroup;
			children = (
				5747CAC22EB01418007DE762 /* LINEAuthService.swift */,
			);
			path = Auth;
			sourceTree = "<group>";
		};
		573676B32EAFE2CF00BEDBAD /* Messaging */ = {
			isa = PBXGroup;
			children = (
			);
			path = Messaging;
			sourceTree = "<group>";
		};
		573676B42EAFE2CF00BEDBAD /* Models */ = {
			isa = PBXGroup;
			children = (
			);
			path = Models;
			sourceTree = "<group>";
		};
		573676B52EAFE2CF00BEDBAD /* LINE */ = {
			isa = PBXGroup;
			children = (
				573676B22EAFE2CF00BEDBAD /* Auth */,
				573676B32EAFE2CF00BEDBAD /* Messaging */,
				573676B42EAFE2CF00BEDBAD /* Models */,
			);
			path = LINE;
			sourceTree = "<group>";
		};
		573676B62EAFE2CF00BEDBAD /* Models */ = {
			isa = PBXGroup;
			children = (
			);
			path = Models;
			sourceTree = "<group>";
		};
		573676B72EAFE2CF00BEDBAD /* QRCode */ = {
			isa = PBXGroup;
			children = (
			);
			path = QRCode;
			sourceTree = "<group>";
		};
		573676B82EAFE2CF00BEDBAD /* Verification */ = {
			isa = PBXGroup;
			children = (
			);
			path = Verification;
			sourceTree = "<group>";
		};
		573676B92EAFE2CF00BEDBAD /* PromptPay */ = {
			isa = PBXGroup;
			children = (
				573676B62EAFE2CF00BEDBAD /* Models */,
				573676B72EAFE2CF00BEDBAD /* QRCode */,
				573676B82EAFE2CF00BEDBAD /* Verification */,
			);
			path = PromptPay;
			sourceTree = "<group>";
		};
		573676BB2EAFE2CF00BEDBAD /* Platform */ = {
			isa = PBXGroup;
			children = (
				571CB0392EB6666400955424 /* Google */,
				571CB0332EB6660B00955424 /* Email */,
				57C37DD32EB2D96200DD896A /* Apple */,
				573676B12EAFE2CF00BEDBAD /* Firebase */,
				573676B52EAFE2CF00BEDBAD /* LINE */,
				573676B92EAFE2CF00BEDBAD /* PromptPay */,
			);
			path = Platform;
			sourceTree = "<group>";
		};
		573676BC2EAFE2CF00BEDBAD /* Constants */ = {
			isa = PBXGroup;
			children = (
			);
			path = Constants;
			sourceTree = "<group>";
		};
		573676BD2EAFE2CF00BEDBAD /* Extensions */ = {
			isa = PBXGroup;
			children = (
			);
			path = Extensions;
			sourceTree = "<group>";
		};
		573676BE2EAFE2CF00BEDBAD /* Models */ = {
			isa = PBXGroup;
			children = (
			);
			path = Models;
			sourceTree = "<group>";
		};
		573676BF2EAFE2CF00BEDBAD /* Formatters */ = {
			isa = PBXGroup;
			children = (
			);
			path = Formatters;
			sourceTree = "<group>";
		};
		573676C02EAFE2CF00BEDBAD /* Validators */ = {
			isa = PBXGroup;
			children = (
			);
			path = Validators;
			sourceTree = "<group>";
		};
		573676C12EAFE2CF00BEDBAD /* VideoPlayer */ = {
			isa = PBXGroup;
			children = (
			);
			path = VideoPlayer;
			sourceTree = "<group>";
		};
		573676C22EAFE2CF00BEDBAD /* Utilities */ = {
			isa = PBXGroup;
			children = (
				573676BF2EAFE2CF00BEDBAD /* Formatters */,
				573676C02EAFE2CF00BEDBAD /* Validators */,
				573676C12EAFE2CF00BEDBAD /* VideoPlayer */,
			);
			path = Utilities;
			sourceTree = "<group>";
		};
		573676C42EAFE2CF00BEDBAD /* Shared */ = {
			isa = PBXGroup;
			children = (
				573676BC2EAFE2CF00BEDBAD /* Constants */,
				573676BD2EAFE2CF00BEDBAD /* Extensions */,
				573676BE2EAFE2CF00BEDBAD /* Models */,
				573676C22EAFE2CF00BEDBAD /* Utilities */,
			);
			path = Shared;
			sourceTree = "<group>";
		};
		573676C52EAFE2CF00BEDBAD /* Sources */ = {
			isa = PBXGroup;
			children = (
				573675DD2EAFE2CF00BEDBAD /* App */,
				573675ED2EAFE2CF00BEDBAD /* Core */,
				573675FC2EAFE2CF00BEDBAD /* DesignSystem */,
				573676A82EAFE2CF00BEDBAD /* Features */,
				573676AD2EAFE2CF00BEDBAD /* Infrastructure */,
				573676BB2EAFE2CF00BEDBAD /* Platform */,
				573676C42EAFE2CF00BEDBAD /* Shared */,
			);
			path = Sources;
			sourceTree = "<group>";
		};
		57892A122EAFA6FB00CEF53D /* Development */ = {
			isa = PBXGroup;
			children = (
				57892A112EAFA6FB00CEF53D /* Config.xcconfig */,
			);
			path = Development;
			sourceTree = "<group>";
		};
		57892A142EAFA6FB00CEF53D /* Production */ = {
			isa = PBXGroup;
			children = (
			);
			path = Production;
			sourceTree = "<group>";
		};
		57892A152EAFA6FB00CEF53D /* Staging */ = {
			isa = PBXGroup;
			children = (
			);
			path = Staging;
			sourceTree = "<group>";
		};
		57892A162EAFA6FB00CEF53D /* Configuration */ = {
			isa = PBXGroup;
			children = (
				57892A122EAFA6FB00CEF53D /* Development */,
				57892A142EAFA6FB00CEF53D /* Production */,
				57892A152EAFA6FB00CEF53D /* Staging */,
			);
			path = Configuration;
			sourceTree = "<group>";
		};
		57892A172EAFA6FB00CEF53D /* API */ = {
			isa = PBXGroup;
			children = (
			);
			path = API;
			sourceTree = "<group>";
		};
		57892A182EAFA6FB00CEF53D /* Architecture */ = {
			isa = PBXGroup;
			children = (
			);
			path = Architecture;
			sourceTree = "<group>";
		};
		57892A192EAFA6FB00CEF53D /* Guides */ = {
			isa = PBXGroup;
			children = (
			);
			path = Guides;
			sourceTree = "<group>";
		};
		57892A1B2EAFA6FB00CEF53D /* Documentation */ = {
			isa = PBXGroup;
			children = (
				57892A172EAFA6FB00CEF53D /* API */,
				57892A182EAFA6FB00CEF53D /* Architecture */,
				57892A192EAFA6FB00CEF53D /* Guides */,
			);
			path = Documentation;
			sourceTree = "<group>";
		};
		57892A1D2EAFA6FB00CEF53D /* Assets */ = {
			isa = PBXGroup;
			children = (
				57892A032EAFA69A00CEF53D /* Assets.xcassets */,
			);
			path = Assets;
			sourceTree = "<group>";
		};
		57892A1E2EAFA6FB00CEF53D /* Fonts */ = {
			isa = PBXGroup;
			children = (
			);
			path = Fonts;
			sourceTree = "<group>";
		};
		57892A1F2EAFA6FB00CEF53D /* LaunchScreen */ = {
			isa = PBXGroup;
			children = (
			);
			path = LaunchScreen;
			sourceTree = "<group>";
		};
		57892A202EAFA6FB00CEF53D /* Localization */ = {
			isa = PBXGroup;
			children = (
			);
			path = Localization;
			sourceTree = "<group>";
		};
		57892A212EAFA6FB00CEF53D /* Sounds */ = {
			isa = PBXGroup;
			children = (
			);
			path = Sounds;
			sourceTree = "<group>";
		};
		57892A222EAFA6FB00CEF53D /* Resources */ = {
			isa = PBXGroup;
			children = (
				57892A1D2EAFA6FB00CEF53D /* Assets */,
				57892A1E2EAFA6FB00CEF53D /* Fonts */,
				57892A1F2EAFA6FB00CEF53D /* LaunchScreen */,
				57892A202EAFA6FB00CEF53D /* Localization */,
				57892A212EAFA6FB00CEF53D /* Sounds */,
			);
			path = Resources;
			sourceTree = "<group>";
		};
		57892A652EAFA6FB00CEF53D /* SupportingFiles */ = {
			isa = PBXGroup;
			children = (
				571CB0462EB6923100955424 /* GoogleService-Info.plist */,
				571CB02D2EB65CC000955424 /* Info.plist */,
				57892A052EAFA69A00CEF53D /* u_me_v0_1.entitlements */,
			);
			path = SupportingFiles;
			sourceTree = "<group>";
		};
		57892A662EAFA6FB00CEF53D /* IntegrationTests */ = {
			isa = PBXGroup;
			children = (
			);
			path = IntegrationTests;
			sourceTree = "<group>";
		};
		57892A672EAFA6FB00CEF53D /* PerformanceTests */ = {
			isa = PBXGroup;
			children = (
			);
			path = PerformanceTests;
			sourceTree = "<group>";
		};
		57892A682EAFA6FB00CEF53D /* SnapshotTests */ = {
			isa = PBXGroup;
			children = (
			);
			path = SnapshotTests;
			sourceTree = "<group>";
		};
		57892A692EAFA6FB00CEF53D /* UITests */ = {
			isa = PBXGroup;
			children = (
			);
			path = UITests;
			sourceTree = "<group>";
		};
		57892A6A2EAFA6FB00CEF53D /* Core */ = {
			isa = PBXGroup;
			children = (
			);
			path = Core;
			sourceTree = "<group>";
		};
		57892A6B2EAFA6FB00CEF53D /* DesignSystem */ = {
			isa = PBXGroup;
			children = (
			);
			path = DesignSystem;
			sourceTree = "<group>";
		};
		57892A6C2EAFA6FB00CEF53D /* Features */ = {
			isa = PBXGroup;
			children = (
			);
			path = Features;
			sourceTree = "<group>";
		};
		57892A6D2EAFA6FB00CEF53D /* UnitTests */ = {
			isa = PBXGroup;
			children = (
				57892A6A2EAFA6FB00CEF53D /* Core */,
				57892A6B2EAFA6FB00CEF53D /* DesignSystem */,
				57892A6C2EAFA6FB00CEF53D /* Features */,
			);
			path = UnitTests;
			sourceTree = "<group>";
		};
		57892A6E2EAFA6FB00CEF53D /* Tests */ = {
			isa = PBXGroup;
			children = (
				57892A662EAFA6FB00CEF53D /* IntegrationTests */,
				57892A672EAFA6FB00CEF53D /* PerformanceTests */,
				57892A682EAFA6FB00CEF53D /* SnapshotTests */,
				57892A692EAFA6FB00CEF53D /* UITests */,
				57892A6D2EAFA6FB00CEF53D /* UnitTests */,
			);
			path = Tests;
			sourceTree = "<group>";
		};
		57892A702EAFA6FB00CEF53D /* Scripts */ = {
			isa = PBXGroup;
			children = (
				57892A6F2EAFA6FB00CEF53D /* build.sh */,
			);
			path = Scripts;
			sourceTree = "<group>";
		};
		57892A712EAFA6FB00CEF53D /* Templates */ = {
			isa = PBXGroup;
			children = (
			);
			path = Templates;
			sourceTree = "<group>";
		};
		57892A722EAFA6FB00CEF53D /* Tools */ = {
			isa = PBXGroup;
			children = (
				57892A702EAFA6FB00CEF53D /* Scripts */,
				57892A712EAFA6FB00CEF53D /* Templates */,
			);
			path = Tools;
			sourceTree = "<group>";
		};
		57C37DA42EB2D6A900DD896A /* DataSources */ = {
			isa = PBXGroup;
			children = (
				57C37DA22EB2D6A900DD896A /* LocalAuthDataSource.swift */,
				57C37DA32EB2D6A900DD896A /* RemoteAuthDataSource.swift */,
			);
			path = DataSources;
			sourceTree = "<group>";
		};
		57C37DA52EB2D6A900DD896A /* DTOs */ = {
			isa = PBXGroup;
			children = (
				57C37DDB2EB2DA4400DD896A /* AuthDTOs.swift */,
			);
			path = DTOs;
			sourceTree = "<group>";
		};
		57C37DA82EB2D6A900DD896A /* Repositories */ = {
			isa = PBXGroup;
			children = (
				57C37DA62EB2D6A900DD896A /* AuthRepository.swift */,
				57C37DA72EB2D6A900DD896A /* UserRepository.swift */,
			);
			path = Repositories;
			sourceTree = "<group>";
		};
		57C37DA92EB2D6A900DD896A /* Data */ = {
			isa = PBXGroup;
			children = (
				57C37DA42EB2D6A900DD896A /* DataSources */,
				57C37DA52EB2D6A900DD896A /* DTOs */,
				57C37DA82EB2D6A900DD896A /* Repositories */,
			);
			path = Data;
			sourceTree = "<group>";
		};
		57C37DAF2EB2D6A900DD896A /* Entities */ = {
			isa = PBXGroup;
			children = (
				57C37DAA2EB2D6A900DD896A /* AuthCredentials.swift */,
				57C37DAB2EB2D6A900DD896A /* AuthError.swift */,
				57C37DAC2EB2D6A900DD896A /* AuthProvider.swift */,
				57C37DAD2EB2D6A900DD896A /* AuthResult.swift */,
				57C37DAE2EB2D6A900DD896A /* User.swift */,
			);
			path = Entities;
			sourceTree = "<group>";
		};
		57C37DB22EB2D6A900DD896A /* Repositories */ = {
			isa = PBXGroup;
			children = (
				57C37DB02EB2D6A900DD896A /* AuthRepositoryProtocol.swift */,
				57C37DB12EB2D6A900DD896A /* UserRepositoryProtocol.swift */,
			);
			path = Repositories;
			sourceTree = "<group>";
		};
		57C37DB52EB2D6A900DD896A /* UseCases */ = {
			isa = PBXGroup;
			children = (
				57C37DB32EB2D6A900DD896A /* LinkAccountUseCase.swift */,
				57C37DB42EB2D6A900DD896A /* SignInUseCase.swift */,
			);
			path = UseCases;
			sourceTree = "<group>";
		};
		57C37DB62EB2D6A900DD896A /* Domain */ = {
			isa = PBXGroup;
			children = (
				57C37DAF2EB2D6A900DD896A /* Entities */,
				57C37DB22EB2D6A900DD896A /* Repositories */,
				57C37DB52EB2D6A900DD896A /* UseCases */,
			);
			path = Domain;
			sourceTree = "<group>";
		};
		57C37DB82EB2D6A900DD896A /* ViewModels */ = {
			isa = PBXGroup;
			children = (
				57C37DB72EB2D6A900DD896A /* AuthViewModel.swift */,
			);
			path = ViewModels;
			sourceTree = "<group>";
		};
		57C37DB92EB2D6A900DD896A /* Components */ = {
			isa = PBXGroup;
			children = (
			);
			path = Components;
			sourceTree = "<group>";
		};
		57C37DBB2EB2D6A900DD896A /* Views */ = {
			isa = PBXGroup;
			children = (
				571CB03D2EB666B600955424 /* EmailLoginView.swift */,
				57C37DB92EB2D6A900DD896A /* Components */,
				57C37DBA2EB2D6A900DD896A /* LoginView.swift */,
			);
			path = Views;
			sourceTree = "<group>";
		};
		57C37DBC2EB2D6A900DD896A /* Presentation */ = {
			isa = PBXGroup;
			children = (
				57C37DB82EB2D6A900DD896A /* ViewModels */,
				57C37DBB2EB2D6A900DD896A /* Views */,
			);
			path = Presentation;
			sourceTree = "<group>";
		};
		57C37DD22EB2D96200DD896A /* Auth */ = {
			isa = PBXGroup;
			children = (
				57C37DD12EB2D96200DD896A /* AppleSignInService.swift */,
			);
			path = Auth;
			sourceTree = "<group>";
		};
		57C37DD32EB2D96200DD896A /* Apple */ = {
			isa = PBXGroup;
			children = (
				57C37DD22EB2D96200DD896A /* Auth */,
			);
			path = Apple;
			sourceTree = "<group>";
		};
		57C37DDD2EB2DAF900DD896A /* CoreData */ = {
			isa = PBXGroup;
			children = (
			);
			path = CoreData;
			sourceTree = "<group>";
		};
		57C37DDF2EB2DAF900DD896A /* Keychain */ = {
			isa = PBXGroup;
			children = (
				57C37DDE2EB2DAF900DD896A /* KeychainService.swift */,
			);
			path = Keychain;
			sourceTree = "<group>";
		};
		57C37DE02EB2DAF900DD896A /* UserDefaults */ = {
			isa = PBXGroup;
			children = (
			);
			path = UserDefaults;
			sourceTree = "<group>";
		};
		57C37DE12EB2DAF900DD896A /* Local */ = {
			isa = PBXGroup;
			children = (
				57C37DDD2EB2DAF900DD896A /* CoreData */,
				57C37DDF2EB2DAF900DD896A /* Keychain */,
				57C37DE02EB2DAF900DD896A /* UserDefaults */,
			);
			path = Local;
			sourceTree = "<group>";
		};
		57C37DE22EB2DAF900DD896A /* API */ = {
			isa = PBXGroup;
			children = (
				57021F452EB6A9B300B29E2F /* APIConfig.swift */,
			);
			path = API;
			sourceTree = "<group>";
		};
		57C37DE32EB2DAF900DD896A /* DTOs */ = {
			isa = PBXGroup;
			children = (
			);
			path = DTOs;
			sourceTree = "<group>";
		};
		57C37DE52EB2DAF900DD896A /* Network */ = {
			isa = PBXGroup;
			children = (
				57C37DE22EB2DAF900DD896A /* API */,
				57C37DE32EB2DAF900DD896A /* DTOs */,
				57C37DE42EB2DAF900DD896A /* NetworkService.swift */,
			);
			path = Network;
			sourceTree = "<group>";
		};
		57C37DE62EB2DAF900DD896A /* Repositories */ = {
			isa = PBXGroup;
			children = (
			);
			path = Repositories;
			sourceTree = "<group>";
		};
/* End PBXGroup section */

/* Begin PBXNativeTarget section */
		570028C32EA5240E0070D1A3 /* u_me_v0.1 */ = {
			isa = PBXNativeTarget;
			buildConfigurationList = 570028E92EA5240E0070D1A3 /* Build configuration list for PBXNativeTarget "u_me_v0.1" */;
			buildPhases = (
				570028C02EA5240E0070D1A3 /* Sources */,
				570028C12EA5240E0070D1A3 /* Frameworks */,
				570028C22EA5240E0070D1A3 /* Resources */,
			);
			buildRules = (
			);
			dependencies = (
			);
			name = u_me_v0.1;
			packageProductDependencies = (
				57F1D2A82EB2EC52002C5900 /* LineSDK */,
				57F1D2AA2EB2EC52002C5900 /* LineSDKObjC */,
				57D44A032EB6420900A3C438 /* FirebaseAI */,
				57D44A052EB6420900A3C438 /* FirebaseAILogic */,
				57D44A072EB6420900A3C438 /* FirebaseAnalytics */,
				57D44A092EB6420900A3C438 /* FirebaseAnalyticsCore */,
				57D44A0B2EB6420900A3C438 /* FirebaseAnalyticsIdentitySupport */,
				571CB0422EB6673400955424 /* GoogleSignIn */,
				571CB0442EB6673400955424 /* GoogleSignInSwift */,
			);
			productName = u_me_v0.1;
			productReference = 570028C42EA5240E0070D1A3 /* u_me_v0.1.app */;
			productType = "com.apple.product-type.application";
		};
		570028D42EA5240E0070D1A3 /* u_me_v0.1Tests */ = {
			isa = PBXNativeTarget;
			buildConfigurationList = 570028EC2EA5240E0070D1A3 /* Build configuration list for PBXNativeTarget "u_me_v0.1Tests" */;
			buildPhases = (
				570028D12EA5240E0070D1A3 /* Sources */,
				570028D22EA5240E0070D1A3 /* Frameworks */,
				570028D32EA5240E0070D1A3 /* Resources */,
			);
			buildRules = (
			);
			dependencies = (
				570028D72EA5240E0070D1A3 /* PBXTargetDependency */,
			);
			name = u_me_v0.1Tests;
			productName = u_me_v0.1Tests;
			productReference = 570028D52EA5240E0070D1A3 /* u_me_v0.1Tests.xctest */;
			productType = "com.apple.product-type.bundle.unit-test";
		};
		570028DE2EA5240E0070D1A3 /* u_me_v0.1UITests */ = {
			isa = PBXNativeTarget;
			buildConfigurationList = 570028EF2EA5240E0070D1A3 /* Build configuration list for PBXNativeTarget "u_me_v0.1UITests" */;
			buildPhases = (
				570028DB2EA5240E0070D1A3 /* Sources */,
				570028DC2EA5240E0070D1A3 /* Frameworks */,
				570028DD2EA5240E0070D1A3 /* Resources */,
			);
			buildRules = (
			);
			dependencies = (
				570028E12EA5240E0070D1A3 /* PBXTargetDependency */,
			);
			name = u_me_v0.1UITests;
			productName = u_me_v0.1UITests;
			productReference = 570028DF2EA5240E0070D1A3 /* u_me_v0.1UITests.xctest */;
			productType = "com.apple.product-type.bundle.ui-testing";
		};
/* End PBXNativeTarget section */

/* Begin PBXProject section */
		570028BC2EA5240E0070D1A3 /* Project object */ = {
			isa = PBXProject;
			attributes = {
				BuildIndependentTargetsInParallel = 1;
				LastSwiftUpdateCheck = 1620;
				LastUpgradeCheck = 1620;
				TargetAttributes = {
					570028C32EA5240E0070D1A3 = {
						CreatedOnToolsVersion = 16.2;
					};
					570028D42EA5240E0070D1A3 = {
						CreatedOnToolsVersion = 16.2;
						LastSwiftMigration = 1620;
						TestTargetID = 570028C32EA5240E0070D1A3;
					};
					570028DE2EA5240E0070D1A3 = {
						CreatedOnToolsVersion = 16.2;
						LastSwiftMigration = 1620;
						TestTargetID = 570028C32EA5240E0070D1A3;
					};
				};
			};
			buildConfigurationList = 570028BF2EA5240E0070D1A3 /* Build configuration list for PBXProject "u_me_v0.1" */;
			developmentRegion = en;
			hasScannedForEncodings = 0;
			knownRegions = (
				en,
				Base,
			);
			mainGroup = 570028BB2EA5240E0070D1A3;
			minimizedProjectReferenceProxies = 1;
			packageReferences = (
				573676D82EAFF76500BEDBAD /* XCRemoteSwiftPackageReference "line-sdk-ios-swift" */,
				57D44A022EB6420900A3C438 /* XCRemoteSwiftPackageReference "firebase-ios-sdk" */,
				571CB0412EB6673400955424 /* XCRemoteSwiftPackageReference "GoogleSignIn-iOS" */,
			);
			preferredProjectObjectVersion = 77;
			productRefGroup = 570028C52EA5240E0070D1A3 /* Products */;
			projectDirPath = "";
			projectRoot = "";
			targets = (
				570028C32EA5240E0070D1A3 /* u_me_v0.1 */,
				570028D42EA5240E0070D1A3 /* u_me_v0.1Tests */,
				570028DE2EA5240E0070D1A3 /* u_me_v0.1UITests */,
			);
		};
/* End PBXProject section */

/* Begin PBXResourcesBuildPhase section */
		570028C22EA5240E0070D1A3 /* Resources */ = {
			isa = PBXResourcesBuildPhase;
			buildActionMask = 2147483647;
			files = (
				57C37DBE2EB2D6A900DD896A /* README.md in Resources */,
				57892A082EAFA69A00CEF53D /* Assets.xcassets in Resources */,
				571CB0492EB6923100955424 /* GoogleService-Info.plist in Resources */,
			);
			runOnlyForDeploymentPostprocessing = 0;
		};
		570028D32EA5240E0070D1A3 /* Resources */ = {
			isa = PBXResourcesBuildPhase;
			buildActionMask = 2147483647;
			files = (
				571CB0482EB6923100955424 /* GoogleService-Info.plist in Resources */,
				571CB02E2EB65CC000955424 /* Info.plist in Resources */,
			);
			runOnlyForDeploymentPostprocessing = 0;
		};
		570028DD2EA5240E0070D1A3 /* Resources */ = {
			isa = PBXResourcesBuildPhase;
			buildActionMask = 2147483647;
			files = (
				571CB0472EB6923100955424 /* GoogleService-Info.plist in Resources */,
				571CB0302EB65CC000955424 /* Info.plist in Resources */,
			);
			runOnlyForDeploymentPostprocessing = 0;
		};
/* End PBXResourcesBuildPhase section */

/* Begin PBXSourcesBuildPhase section */
		570028C02EA5240E0070D1A3 /* Sources */ = {
			isa = PBXSourcesBuildPhase;
			buildActionMask = 2147483647;
			files = (
				573676D12EAFE2CF00BEDBAD /* Colors.swift in Sources */,
				573676D22EAFE2CF00BEDBAD /* AppMain.swift in Sources */,
				57021F462EB6A9BB00B29E2F /* APIConfig.swift in Sources */,
				5747CAC32EB01418007DE762 /* LINEAuthService.swift in Sources */,
				573676D32EAFE2CF00BEDBAD /* Typography.swift in Sources */,
				5747CACA2EB01E6B007DE762 /* MainTabView.swift in Sources */,
				573676D42EAFE2CF00BEDBAD /* AppDelegate.swift in Sources */,
				573676D52EAFE2CF00BEDBAD /* SceneDelegate.swift in Sources */,
				573676D62EAFE2CF00BEDBAD /* AppCoordinator.swift in Sources */,
				57C37DBF2EB2D6A900DD896A /* AuthProvider.swift in Sources */,
				57C37DC02EB2D6A900DD896A /* LinkAccountUseCase.swift in Sources */,
				57C37DC12EB2D6A900DD896A /* SignInUseCase.swift in Sources */,
				571CB03F2EB666B600955424 /* EmailLoginView.swift in Sources */,
				57C37DC22EB2D6A900DD896A /* AuthRepositoryProtocol.swift in Sources */,
				57C37DDC2EB2DA4400DD896A /* AuthDTOs.swift in Sources */,
				57C37DC32EB2D6A900DD896A /* AuthError.swift in Sources */,
				57C37DC42EB2D6A900DD896A /* AuthRepository.swift in Sources */,
				57C37DC52EB2D6A900DD896A /* AuthResult.swift in Sources */,
				571CB0352EB6660B00955424 /* EmailAuthService.swift in Sources */,
				57C37DC62EB2D6A900DD896A /* LoginView.swift in Sources */,
				57C37DC72EB2D6A900DD896A /* RemoteAuthDataSource.swift in Sources */,
				571CB03A2EB6666400955424 /* GoogleAuthService.swift in Sources */,
				57C37DC82EB2D6A900DD896A /* UserRepositoryProtocol.swift in Sources */,
				57C37DC92EB2D6A900DD896A /* LocalAuthDataSource.swift in Sources */,
				57C37DEA2EB2DB1600DD896A /* AuthenticationContainer.swift in Sources */,
				57C37DCA2EB2D6A900DD896A /* AuthViewModel.swift in Sources */,
				57C37DCB2EB2D6A900DD896A /* User.swift in Sources */,
				57C37DD62EB2D96200DD896A /* AppleSignInService.swift in Sources */,
				57C37DCC2EB2D6A900DD896A /* UserRepository.swift in Sources */,
				57C37DCD2EB2D6A900DD896A /* AuthCredentials.swift in Sources */,
				573676D72EAFE2CF00BEDBAD /* RootView.swift in Sources */,
				57C37DE72EB2DAF900DD896A /* NetworkService.swift in Sources */,
				57C37DE82EB2DAF900DD896A /* KeychainService.swift in Sources */,
			);
			runOnlyForDeploymentPostprocessing = 0;
		};
		570028D12EA5240E0070D1A3 /* Sources */ = {
			isa = PBXSourcesBuildPhase;
			buildActionMask = 2147483647;
			files = (
				57C37DD52EB2D96200DD896A /* AppleSignInService.swift in Sources */,
				571CB0362EB6660B00955424 /* EmailAuthService.swift in Sources */,
				571CB03C2EB6666400955424 /* GoogleAuthService.swift in Sources */,
				5747CAC52EB01418007DE762 /* LINEAuthService.swift in Sources */,
				571CB0402EB666B600955424 /* EmailLoginView.swift in Sources */,
			);
			runOnlyForDeploymentPostprocessing = 0;
		};
		570028DB2EA5240E0070D1A3 /* Sources */ = {
			isa = PBXSourcesBuildPhase;
			buildActionMask = 2147483647;
			files = (
				57C37DD42EB2D96200DD896A /* AppleSignInService.swift in Sources */,
				571CB0342EB6660B00955424 /* EmailAuthService.swift in Sources */,
				571CB03B2EB6666400955424 /* GoogleAuthService.swift in Sources */,
				5747CAC42EB01418007DE762 /* LINEAuthService.swift in Sources */,
				571CB03E2EB666B600955424 /* EmailLoginView.swift in Sources */,
			);
			runOnlyForDeploymentPostprocessing = 0;
		};
/* End PBXSourcesBuildPhase section */

/* Begin PBXTargetDependency section */
		570028D72EA5240E0070D1A3 /* PBXTargetDependency */ = {
			isa = PBXTargetDependency;
			target = 570028C32EA5240E0070D1A3 /* u_me_v0.1 */;
			targetProxy = 570028D62EA5240E0070D1A3 /* PBXContainerItemProxy */;
		};
		570028E12EA5240E0070D1A3 /* PBXTargetDependency */ = {
			isa = PBXTargetDependency;
			target = 570028C32EA5240E0070D1A3 /* u_me_v0.1 */;
			targetProxy = 570028E02EA5240E0070D1A3 /* PBXContainerItemProxy */;
		};
/* End PBXTargetDependency section */

/* Begin XCBuildConfiguration section */
		570028E72EA5240E0070D1A3 /* Debug */ = {
			isa = XCBuildConfiguration;
			buildSettings = {
				ALWAYS_SEARCH_USER_PATHS = NO;
				ASSETCATALOG_COMPILER_GENERATE_SWIFT_ASSET_SYMBOL_EXTENSIONS = YES;
				CLANG_ANALYZER_NONNULL = YES;
				CLANG_ANALYZER_NUMBER_OBJECT_CONVERSION = YES_AGGRESSIVE;
				CLANG_CXX_LANGUAGE_STANDARD = "gnu++20";
				CLANG_ENABLE_MODULES = YES;
				CLANG_ENABLE_OBJC_ARC = YES;
				CLANG_ENABLE_OBJC_WEAK = YES;
				CLANG_WARN_BLOCK_CAPTURE_AUTORELEASING = YES;
				CLANG_WARN_BOOL_CONVERSION = YES;
				CLANG_WARN_COMMA = YES;
				CLANG_WARN_CONSTANT_CONVERSION = YES;
				CLANG_WARN_DEPRECATED_OBJC_IMPLEMENTATIONS = YES;
				CLANG_WARN_DIRECT_OBJC_ISA_USAGE = YES_ERROR;
				CLANG_WARN_DOCUMENTATION_COMMENTS = YES;
				CLANG_WARN_EMPTY_BODY = YES;
				CLANG_WARN_ENUM_CONVERSION = YES;
				CLANG_WARN_INFINITE_RECURSION = YES;
				CLANG_WARN_INT_CONVERSION = YES;
				CLANG_WARN_NON_LITERAL_NULL_CONVERSION = YES;
				CLANG_WARN_OBJC_IMPLICIT_RETAIN_SELF = YES;
				CLANG_WARN_OBJC_LITERAL_CONVERSION = YES;
				CLANG_WARN_OBJC_ROOT_CLASS = YES_ERROR;
				CLANG_WARN_QUOTED_INCLUDE_IN_FRAMEWORK_HEADER = YES;
				CLANG_WARN_RANGE_LOOP_ANALYSIS = YES;
				CLANG_WARN_STRICT_PROTOTYPES = YES;
				CLANG_WARN_SUSPICIOUS_MOVE = YES;
				CLANG_WARN_UNGUARDED_AVAILABILITY = YES_AGGRESSIVE;
				CLANG_WARN_UNREACHABLE_CODE = YES;
				CLANG_WARN__DUPLICATE_METHOD_MATCH = YES;
				COPY_PHASE_STRIP = NO;
				DEBUG_INFORMATION_FORMAT = dwarf;
				ENABLE_STRICT_OBJC_MSGSEND = YES;
				ENABLE_TESTABILITY = YES;
				ENABLE_USER_SCRIPT_SANDBOXING = YES;
				GCC_C_LANGUAGE_STANDARD = gnu17;
				GCC_DYNAMIC_NO_PIC = NO;
				GCC_NO_COMMON_BLOCKS = YES;
				GCC_OPTIMIZATION_LEVEL = 0;
				GCC_PREPROCESSOR_DEFINITIONS = (
					"DEBUG=1",
					"$(inherited)",
				);
				GCC_WARN_64_TO_32_BIT_CONVERSION = YES;
				GCC_WARN_ABOUT_RETURN_TYPE = YES_ERROR;
				GCC_WARN_UNDECLARED_SELECTOR = YES;
				GCC_WARN_UNINITIALIZED_AUTOS = YES_AGGRESSIVE;
				GCC_WARN_UNUSED_FUNCTION = YES;
				GCC_WARN_UNUSED_VARIABLE = YES;
				LOCALIZATION_PREFERS_STRING_CATALOGS = YES;
				MTL_ENABLE_DEBUG_INFO = INCLUDE_SOURCE;
				MTL_FAST_MATH = YES;
				ONLY_ACTIVE_ARCH = YES;
				SWIFT_ACTIVE_COMPILATION_CONDITIONS = "DEBUG $(inherited)";
				SWIFT_OPTIMIZATION_LEVEL = "-Onone";
			};
			name = Debug;
		};
		570028E82EA5240E0070D1A3 /* Release */ = {
			isa = XCBuildConfiguration;
			buildSettings = {
				ALWAYS_SEARCH_USER_PATHS = NO;
				ASSETCATALOG_COMPILER_GENERATE_SWIFT_ASSET_SYMBOL_EXTENSIONS = YES;
				CLANG_ANALYZER_NONNULL = YES;
				CLANG_ANALYZER_NUMBER_OBJECT_CONVERSION = YES_AGGRESSIVE;
				CLANG_CXX_LANGUAGE_STANDARD = "gnu++20";
				CLANG_ENABLE_MODULES = YES;
				CLANG_ENABLE_OBJC_ARC = YES;
				CLANG_ENABLE_OBJC_WEAK = YES;
				CLANG_WARN_BLOCK_CAPTURE_AUTORELEASING = YES;
				CLANG_WARN_BOOL_CONVERSION = YES;
				CLANG_WARN_COMMA = YES;
				CLANG_WARN_CONSTANT_CONVERSION = YES;
				CLANG_WARN_DEPRECATED_OBJC_IMPLEMENTATIONS = YES;
				CLANG_WARN_DIRECT_OBJC_ISA_USAGE = YES_ERROR;
				CLANG_WARN_DOCUMENTATION_COMMENTS = YES;
				CLANG_WARN_EMPTY_BODY = YES;
				CLANG_WARN_ENUM_CONVERSION = YES;
				CLANG_WARN_INFINITE_RECURSION = YES;
				CLANG_WARN_INT_CONVERSION = YES;
				CLANG_WARN_NON_LITERAL_NULL_CONVERSION = YES;
				CLANG_WARN_OBJC_IMPLICIT_RETAIN_SELF = YES;
				CLANG_WARN_OBJC_LITERAL_CONVERSION = YES;
				CLANG_WARN_OBJC_ROOT_CLASS = YES_ERROR;
				CLANG_WARN_QUOTED_INCLUDE_IN_FRAMEWORK_HEADER = YES;
				CLANG_WARN_RANGE_LOOP_ANALYSIS = YES;
				CLANG_WARN_STRICT_PROTOTYPES = YES;
				CLANG_WARN_SUSPICIOUS_MOVE = YES;
				CLANG_WARN_UNGUARDED_AVAILABILITY = YES_AGGRESSIVE;
				CLANG_WARN_UNREACHABLE_CODE = YES;
				CLANG_WARN__DUPLICATE_METHOD_MATCH = YES;
				COPY_PHASE_STRIP = NO;
				DEBUG_INFORMATION_FORMAT = "dwarf-with-dsym";
				ENABLE_NS_ASSERTIONS = NO;
				ENABLE_STRICT_OBJC_MSGSEND = YES;
				ENABLE_USER_SCRIPT_SANDBOXING = YES;
				GCC_C_LANGUAGE_STANDARD = gnu17;
				GCC_NO_COMMON_BLOCKS = YES;
				GCC_WARN_64_TO_32_BIT_CONVERSION = YES;
				GCC_WARN_ABOUT_RETURN_TYPE = YES_ERROR;
				GCC_WARN_UNDECLARED_SELECTOR = YES;
				GCC_WARN_UNINITIALIZED_AUTOS = YES_AGGRESSIVE;
				GCC_WARN_UNUSED_FUNCTION = YES;
				GCC_WARN_UNUSED_VARIABLE = YES;
				LOCALIZATION_PREFERS_STRING_CATALOGS = YES;
				MTL_ENABLE_DEBUG_INFO = NO;
				MTL_FAST_MATH = YES;
				SWIFT_COMPILATION_MODE = wholemodule;
			};
			name = Release;
		};
		570028EA2EA5240E0070D1A3 /* Debug */ = {
			isa = XCBuildConfiguration;
			buildSettings = {
				ASSETCATALOG_COMPILER_APPICON_NAME = AppIcon;
				ASSETCATALOG_COMPILER_GLOBAL_ACCENT_COLOR_NAME = AccentColor;
				CODE_SIGN_ENTITLEMENTS = SupportingFiles/u_me_v0_1.entitlements;
				CODE_SIGN_STYLE = Automatic;
				CURRENT_PROJECT_VERSION = 1;
				DEVELOPMENT_ASSET_PATHS = "\"u_me_v0.1/Preview Content\"";
				DEVELOPMENT_TEAM = DB64J3Z396;
				ENABLE_PREVIEWS = YES;
				GENERATE_INFOPLIST_FILE = NO;
				INFOPLIST_FILE = "$(SRCROOT)/SupportingFiles/Info.plist";
				INFOPLIST_KEY_UIApplicationSceneManifest_Generation = YES;
				"INFOPLIST_KEY_UIApplicationSceneManifest_Generation[sdk=iphoneos*]" = YES;
				"INFOPLIST_KEY_UIApplicationSceneManifest_Generation[sdk=iphonesimulator*]" = YES;
				"INFOPLIST_KEY_UIApplicationSupportsIndirectInputEvents[sdk=iphoneos*]" = YES;
				"INFOPLIST_KEY_UIApplicationSupportsIndirectInputEvents[sdk=iphonesimulator*]" = YES;
				"INFOPLIST_KEY_UILaunchScreen_Generation[sdk=iphoneos*]" = YES;
				"INFOPLIST_KEY_UILaunchScreen_Generation[sdk=iphonesimulator*]" = YES;
				"INFOPLIST_KEY_UIStatusBarStyle[sdk=iphoneos*]" = UIStatusBarStyleDefault;
				"INFOPLIST_KEY_UIStatusBarStyle[sdk=iphonesimulator*]" = UIStatusBarStyleDefault;
				INFOPLIST_KEY_UISupportedInterfaceOrientations_iPad = "UIInterfaceOrientationPortrait UIInterfaceOrientationPortraitUpsideDown UIInterfaceOrientationLandscapeLeft UIInterfaceOrientationLandscapeRight";
				INFOPLIST_KEY_UISupportedInterfaceOrientations_iPhone = "UIInterfaceOrientationPortrait UIInterfaceOrientationLandscapeLeft UIInterfaceOrientationLandscapeRight";
				IPHONEOS_DEPLOYMENT_TARGET = 18.2;
				LD_RUNPATH_SEARCH_PATHS = "@executable_path/Frameworks";
				"LD_RUNPATH_SEARCH_PATHS[sdk=macosx*]" = "@executable_path/../Frameworks";
				MACOSX_DEPLOYMENT_TARGET = 15.1;
				MARKETING_VERSION = 1.0;
				PRODUCT_BUNDLE_IDENTIFIER = "yash-bharti.u-me-v0-1";
				PRODUCT_NAME = "$(TARGET_NAME)";
				SDKROOT = auto;
				SUPPORTED_PLATFORMS = "iphonesimulator iphoneos";
				SWIFT_EMIT_LOC_STRINGS = YES;
				SWIFT_VERSION = 5.0;
				TARGETED_DEVICE_FAMILY = "1,2,7";
				XROS_DEPLOYMENT_TARGET = 2.2;
			};
			name = Debug;
		};
		570028EB2EA5240E0070D1A3 /* Release */ = {
			isa = XCBuildConfiguration;
			buildSettings = {
				ASSETCATALOG_COMPILER_APPICON_NAME = AppIcon;
				ASSETCATALOG_COMPILER_GLOBAL_ACCENT_COLOR_NAME = AccentColor;
				CODE_SIGN_ENTITLEMENTS = SupportingFiles/u_me_v0_1.entitlements;
				CODE_SIGN_STYLE = Automatic;
				CURRENT_PROJECT_VERSION = 1;
				DEVELOPMENT_ASSET_PATHS = "\"u_me_v0.1/Preview Content\"";
				DEVELOPMENT_TEAM = DB64J3Z396;
				ENABLE_PREVIEWS = YES;
				GENERATE_INFOPLIST_FILE = NO;
				INFOPLIST_FILE = "$(SRCROOT)/SupportingFiles/Info.plist";
				INFOPLIST_KEY_UIApplicationSceneManifest_Generation = YES;
				"INFOPLIST_KEY_UIApplicationSceneManifest_Generation[sdk=iphoneos*]" = YES;
				"INFOPLIST_KEY_UIApplicationSceneManifest_Generation[sdk=iphonesimulator*]" = YES;
				"INFOPLIST_KEY_UIApplicationSupportsIndirectInputEvents[sdk=iphoneos*]" = YES;
				"INFOPLIST_KEY_UIApplicationSupportsIndirectInputEvents[sdk=iphonesimulator*]" = YES;
				"INFOPLIST_KEY_UILaunchScreen_Generation[sdk=iphoneos*]" = YES;
				"INFOPLIST_KEY_UILaunchScreen_Generation[sdk=iphonesimulator*]" = YES;
				"INFOPLIST_KEY_UIStatusBarStyle[sdk=iphoneos*]" = UIStatusBarStyleDefault;
				"INFOPLIST_KEY_UIStatusBarStyle[sdk=iphonesimulator*]" = UIStatusBarStyleDefault;
				INFOPLIST_KEY_UISupportedInterfaceOrientations_iPad = "UIInterfaceOrientationPortrait UIInterfaceOrientationPortraitUpsideDown UIInterfaceOrientationLandscapeLeft UIInterfaceOrientationLandscapeRight";
				INFOPLIST_KEY_UISupportedInterfaceOrientations_iPhone = "UIInterfaceOrientationPortrait UIInterfaceOrientationLandscapeLeft UIInterfaceOrientationLandscapeRight";
				IPHONEOS_DEPLOYMENT_TARGET = 18.2;
				LD_RUNPATH_SEARCH_PATHS = "@executable_path/Frameworks";
				"LD_RUNPATH_SEARCH_PATHS[sdk=macosx*]" = "@executable_path/../Frameworks";
				MACOSX_DEPLOYMENT_TARGET = 15.1;
				MARKETING_VERSION = 1.0;
				PRODUCT_BUNDLE_IDENTIFIER = "yash-bharti.u-me-v0-1";
				PRODUCT_NAME = "$(TARGET_NAME)";
				SDKROOT = auto;
				SUPPORTED_PLATFORMS = "iphonesimulator iphoneos";
				SWIFT_EMIT_LOC_STRINGS = YES;
				SWIFT_VERSION = 5.0;
				TARGETED_DEVICE_FAMILY = "1,2,7";
				XROS_DEPLOYMENT_TARGET = 2.2;
			};
			name = Release;
		};
		570028ED2EA5240E0070D1A3 /* Debug */ = {
			isa = XCBuildConfiguration;
			buildSettings = {
				BUNDLE_LOADER = "$(TEST_HOST)";
				CLANG_ENABLE_MODULES = YES;
				CODE_SIGN_STYLE = Automatic;
				CURRENT_PROJECT_VERSION = 1;
				DEVELOPMENT_TEAM = DB64J3Z396;
				GENERATE_INFOPLIST_FILE = YES;
				IPHONEOS_DEPLOYMENT_TARGET = 18.2;
				MACOSX_DEPLOYMENT_TARGET = 15.1;
				MARKETING_VERSION = 1.0;
				PRODUCT_BUNDLE_IDENTIFIER = "yash-bharti.u-me-v0-1Tests";
				PRODUCT_NAME = "$(TARGET_NAME)";
				SDKROOT = auto;
				SUPPORTED_PLATFORMS = "iphoneos iphonesimulator macosx xros xrsimulator";
				SWIFT_EMIT_LOC_STRINGS = NO;
				SWIFT_OPTIMIZATION_LEVEL = "-Onone";
				SWIFT_VERSION = 5.0;
				TARGETED_DEVICE_FAMILY = "1,2,7";
				TEST_HOST = "$(BUILT_PRODUCTS_DIR)/u_me_v0.1.app/$(BUNDLE_EXECUTABLE_FOLDER_PATH)/u_me_v0.1";
				XROS_DEPLOYMENT_TARGET = 2.2;
			};
			name = Debug;
		};
		570028EE2EA5240E0070D1A3 /* Release */ = {
			isa = XCBuildConfiguration;
			buildSettings = {
				BUNDLE_LOADER = "$(TEST_HOST)";
				CLANG_ENABLE_MODULES = YES;
				CODE_SIGN_STYLE = Automatic;
				CURRENT_PROJECT_VERSION = 1;
				DEVELOPMENT_TEAM = DB64J3Z396;
				GENERATE_INFOPLIST_FILE = YES;
				IPHONEOS_DEPLOYMENT_TARGET = 18.2;
				MACOSX_DEPLOYMENT_TARGET = 15.1;
				MARKETING_VERSION = 1.0;
				PRODUCT_BUNDLE_IDENTIFIER = "yash-bharti.u-me-v0-1Tests";
				PRODUCT_NAME = "$(TARGET_NAME)";
				SDKROOT = auto;
				SUPPORTED_PLATFORMS = "iphoneos iphonesimulator macosx xros xrsimulator";
				SWIFT_EMIT_LOC_STRINGS = NO;
				SWIFT_VERSION = 5.0;
				TARGETED_DEVICE_FAMILY = "1,2,7";
				TEST_HOST = "$(BUILT_PRODUCTS_DIR)/u_me_v0.1.app/$(BUNDLE_EXECUTABLE_FOLDER_PATH)/u_me_v0.1";
				XROS_DEPLOYMENT_TARGET = 2.2;
			};
			name = Release;
		};
		570028F02EA5240E0070D1A3 /* Debug */ = {
			isa = XCBuildConfiguration;
			buildSettings = {
				CLANG_ENABLE_MODULES = YES;
				CODE_SIGN_STYLE = Automatic;
				CURRENT_PROJECT_VERSION = 1;
				DEVELOPMENT_TEAM = DB64J3Z396;
				GENERATE_INFOPLIST_FILE = YES;
				IPHONEOS_DEPLOYMENT_TARGET = 18.2;
				MACOSX_DEPLOYMENT_TARGET = 15.1;
				MARKETING_VERSION = 1.0;
				PRODUCT_BUNDLE_IDENTIFIER = "yash-bharti.u-me-v0-1UITests";
				PRODUCT_NAME = "$(TARGET_NAME)";
				SDKROOT = auto;
				SUPPORTED_PLATFORMS = "iphoneos iphonesimulator macosx xros xrsimulator";
				SWIFT_EMIT_LOC_STRINGS = NO;
				SWIFT_OPTIMIZATION_LEVEL = "-Onone";
				SWIFT_VERSION = 5.0;
				TARGETED_DEVICE_FAMILY = "1,2,7";
				TEST_TARGET_NAME = u_me_v0.1;
				XROS_DEPLOYMENT_TARGET = 2.2;
			};
			name = Debug;
		};
		570028F12EA5240E0070D1A3 /* Release */ = {
			isa = XCBuildConfiguration;
			buildSettings = {
				CLANG_ENABLE_MODULES = YES;
				CODE_SIGN_STYLE = Automatic;
				CURRENT_PROJECT_VERSION = 1;
				DEVELOPMENT_TEAM = DB64J3Z396;
				GENERATE_INFOPLIST_FILE = YES;
				IPHONEOS_DEPLOYMENT_TARGET = 18.2;
				MACOSX_DEPLOYMENT_TARGET = 15.1;
				MARKETING_VERSION = 1.0;
				PRODUCT_BUNDLE_IDENTIFIER = "yash-bharti.u-me-v0-1UITests";
				PRODUCT_NAME = "$(TARGET_NAME)";
				SDKROOT = auto;
				SUPPORTED_PLATFORMS = "iphoneos iphonesimulator macosx xros xrsimulator";
				SWIFT_EMIT_LOC_STRINGS = NO;
				SWIFT_VERSION = 5.0;
				TARGETED_DEVICE_FAMILY = "1,2,7";
				TEST_TARGET_NAME = u_me_v0.1;
				XROS_DEPLOYMENT_TARGET = 2.2;
			};
			name = Release;
		};
/* End XCBuildConfiguration section */

/* Begin XCConfigurationList section */
		570028BF2EA5240E0070D1A3 /* Build configuration list for PBXProject "u_me_v0.1" */ = {
			isa = XCConfigurationList;
			buildConfigurations = (
				570028E72EA5240E0070D1A3 /* Debug */,
				570028E82EA5240E0070D1A3 /* Release */,
			);
			defaultConfigurationIsVisible = 0;
			defaultConfigurationName = Release;
		};
		570028E92EA5240E0070D1A3 /* Build configuration list for PBXNativeTarget "u_me_v0.1" */ = {
			isa = XCConfigurationList;
			buildConfigurations = (
				570028EA2EA5240E0070D1A3 /* Debug */,
				570028EB2EA5240E0070D1A3 /* Release */,
			);
			defaultConfigurationIsVisible = 0;
			defaultConfigurationName = Release;
		};
		570028EC2EA5240E0070D1A3 /* Build configuration list for PBXNativeTarget "u_me_v0.1Tests" */ = {
			isa = XCConfigurationList;
			buildConfigurations = (
				570028ED2EA5240E0070D1A3 /* Debug */,
				570028EE2EA5240E0070D1A3 /* Release */,
			);
			defaultConfigurationIsVisible = 0;
			defaultConfigurationName = Release;
		};
		570028EF2EA5240E0070D1A3 /* Build configuration list for PBXNativeTarget "u_me_v0.1UITests" */ = {
			isa = XCConfigurationList;
			buildConfigurations = (
				570028F02EA5240E0070D1A3 /* Debug */,
				570028F12EA5240E0070D1A3 /* Release */,
			);
			defaultConfigurationIsVisible = 0;
			defaultConfigurationName = Release;
		};
/* End XCConfigurationList section */

/* Begin XCRemoteSwiftPackageReference section */
		571CB0412EB6673400955424 /* XCRemoteSwiftPackageReference "GoogleSignIn-iOS" */ = {
			isa = XCRemoteSwiftPackageReference;
			repositoryURL = "https://github.com/google/GoogleSignIn-iOS";
			requirement = {
				kind = upToNextMajorVersion;
				minimumVersion = 9.0.0;
			};
		};
		573676D82EAFF76500BEDBAD /* XCRemoteSwiftPackageReference "line-sdk-ios-swift" */ = {
			isa = XCRemoteSwiftPackageReference;
			repositoryURL = "https://github.com/line/line-sdk-ios-swift";
			requirement = {
				kind = upToNextMajorVersion;
				minimumVersion = 5.13.0;
			};
		};
		57D44A022EB6420900A3C438 /* XCRemoteSwiftPackageReference "firebase-ios-sdk" */ = {
			isa = XCRemoteSwiftPackageReference;
			repositoryURL = "https://github.com/firebase/firebase-ios-sdk";
			requirement = {
				kind = upToNextMajorVersion;
				minimumVersion = 12.5.0;
			};
		};
/* End XCRemoteSwiftPackageReference section */

/* Begin XCSwiftPackageProductDependency section */
		571CB0422EB6673400955424 /* GoogleSignIn */ = {
			isa = XCSwiftPackageProductDependency;
			package = 571CB0412EB6673400955424 /* XCRemoteSwiftPackageReference "GoogleSignIn-iOS" */;
			productName = GoogleSignIn;
		};
		571CB0442EB6673400955424 /* GoogleSignInSwift */ = {
			isa = XCSwiftPackageProductDependency;
			package = 571CB0412EB6673400955424 /* XCRemoteSwiftPackageReference "GoogleSignIn-iOS" */;
			productName = GoogleSignInSwift;
		};
		57867DF22EB2D1EB004335FF /* LineSDK */ = {
			isa = XCSwiftPackageProductDependency;
			package = 573676D82EAFF76500BEDBAD /* XCRemoteSwiftPackageReference "line-sdk-ios-swift" */;
			productName = LineSDK;
		};
		57867DF42EB2D1EB004335FF /* LineSDKObjC */ = {
			isa = XCSwiftPackageProductDependency;
			package = 573676D82EAFF76500BEDBAD /* XCRemoteSwiftPackageReference "line-sdk-ios-swift" */;
			productName = LineSDKObjC;
		};
		57D44A032EB6420900A3C438 /* FirebaseAI */ = {
			isa = XCSwiftPackageProductDependency;
			package = 57D44A022EB6420900A3C438 /* XCRemoteSwiftPackageReference "firebase-ios-sdk" */;
			productName = FirebaseAI;
		};
		57D44A052EB6420900A3C438 /* FirebaseAILogic */ = {
			isa = XCSwiftPackageProductDependency;
			package = 57D44A022EB6420900A3C438 /* XCRemoteSwiftPackageReference "firebase-ios-sdk" */;
			productName = FirebaseAILogic;
		};
		57D44A072EB6420900A3C438 /* FirebaseAnalytics */ = {
			isa = XCSwiftPackageProductDependency;
			package = 57D44A022EB6420900A3C438 /* XCRemoteSwiftPackageReference "firebase-ios-sdk" */;
			productName = FirebaseAnalytics;
		};
		57D44A092EB6420900A3C438 /* FirebaseAnalyticsCore */ = {
			isa = XCSwiftPackageProductDependency;
			package = 57D44A022EB6420900A3C438 /* XCRemoteSwiftPackageReference "firebase-ios-sdk" */;
			productName = FirebaseAnalyticsCore;
		};
		57D44A0B2EB6420900A3C438 /* FirebaseAnalyticsIdentitySupport */ = {
			isa = XCSwiftPackageProductDependency;
			package = 57D44A022EB6420900A3C438 /* XCRemoteSwiftPackageReference "firebase-ios-sdk" */;
			productName = FirebaseAnalyticsIdentitySupport;
		};
		57F1D2A82EB2EC52002C5900 /* LineSDK */ = {
			isa = XCSwiftPackageProductDependency;
			package = 573676D82EAFF76500BEDBAD /* XCRemoteSwiftPackageReference "line-sdk-ios-swift" */;
			productName = LineSDK;
		};
		57F1D2AA2EB2EC52002C5900 /* LineSDKObjC */ = {
			isa = XCSwiftPackageProductDependency;
			package = 573676D82EAFF76500BEDBAD /* XCRemoteSwiftPackageReference "line-sdk-ios-swift" */;
			productName = LineSDKObjC;
		};
/* End XCSwiftPackageProductDependency section */
	};
	rootObject = 570028BC2EA5240E0070D1A3 /* Project object */;
}
