{
  "originHash" : "79858f323c74bbaa392cfa6f4ab60c1c0958dd682288f570ec57b88b614961ec",
  "pins" : [
    {
      "identity" : "line-sdk-ios-swift",
      "kind" : "remoteSourceControl",
      "location" : "https://github.com/line/line-sdk-ios-swift",
      "state" : {
        "revision" : "dc998eaa4ecd342dc8d9d7a2d744f58667a262d1",
        "version" : "5.13.0"
      }
    }
  ],
  "version" : 3
}
